<?xml version="1.0" encoding="utf-8"?>
<Project ToolsVersion="4.0" xmlns="http://schemas.microsoft.com/developer/msbuild/2003">
  <ItemGroup>
    <Filter Include="Source Files">
      <UniqueIdentifier>{4FC737F1-C7A5-4376-A066-2A32D752A2FF}</UniqueIdentifier>
      <Extensions>cpp;c;cc;cxx;c++;cppm;ixx;def;odl;idl;hpj;bat;asm;asmx</Extensions>
    </Filter>
    <Filter Include="Header Files">
      <UniqueIdentifier>{93995380-89BD-4b04-88EB-625FBE52EBFB}</UniqueIdentifier>
      <Extensions>h;hh;hpp;hxx;h++;hm;inl;inc;ipp;xsd</Extensions>
    </Filter>
    <Filter Include="libraries">
      <UniqueIdentifier>{65dbe86d-a6d0-42f9-85e6-5cbdd1423b4e}</UniqueIdentifier>
    </Filter>
    <Filter Include="libraries\stamp">
      <UniqueIdentifier>{8f43d7a5-aeac-49ed-9cb7-9895db851f0b}</UniqueIdentifier>
      <Extensions>
      </Extensions>
    </Filter>
    <Filter Include="libraries\stamp\core">
      <UniqueIdentifier>{8abbb5a4-52ff-432d-92aa-26c7e6632858}</UniqueIdentifier>
    </Filter>
    <Filter Include="libraries\stamp\math">
      <UniqueIdentifier>{4d187eef-9981-45e1-88ca-ba3586379ad4}</UniqueIdentifier>
    </Filter>
    <Filter Include="libraries\stamp\hid">
      <UniqueIdentifier>{3ee4a33f-132f-44a5-bbce-5e7ce99b0eed}</UniqueIdentifier>
    </Filter>
    <Filter Include="libraries\lua">
      <UniqueIdentifier>{747562aa-5afb-49b3-975d-7220267692b5}</UniqueIdentifier>
    </Filter>
    <Filter Include="Script Files">
      <UniqueIdentifier>{67DA6AB6-F800-4c08-8B7A-83BB121AAD01}</UniqueIdentifier>
      <Extensions>rc;ico;cur;bmp;dlg;rc2;rct;bin;rgs;gif;jpg;jpeg;jpe;resx;tiff;tif;png;wav;mfcribbon-ms</Extensions>
    </Filter>
    <Filter Include="libraries\stamp\lua">
      <UniqueIdentifier>{25ed0f49-f79c-4ff7-9b93-b708734d8c39}</UniqueIdentifier>
    </Filter>
    <Filter Include="libraries\stamp\test">
      <UniqueIdentifier>{afd2db5c-079c-41c6-82d2-17dc3ce728c4}</UniqueIdentifier>
    </Filter>
    <Filter Include="libraries\stamp\graphics">
      <UniqueIdentifier>{8ef915a7-9ec5-497a-a642-f480702cf7b6}</UniqueIdentifier>
    </Filter>
    <Filter Include="libraries\sol">
      <UniqueIdentifier>{cb08666b-aa85-4201-a7ec-94e044a1619b}</UniqueIdentifier>
    </Filter>
    <Filter Include="libraries\stamp\network">
      <UniqueIdentifier>{813efccd-4ff8-480b-9783-ad48359a678f}</UniqueIdentifier>
    </Filter>
    <Filter Include="libraries\stamp\graphics\gl">
      <UniqueIdentifier>{d6796e89-b4df-4dc7-8a51-fb960ffea850}</UniqueIdentifier>
    </Filter>
    <Filter Include="libraries\Jolt">
      <UniqueIdentifier>{5111e430-da19-4ea5-b737-ab0434e41e5b}</UniqueIdentifier>
    </Filter>
    <Filter Include="libraries\stamp\core\os">
      <UniqueIdentifier>{659cdf4d-bf63-4148-b801-8a6c130b782d}</UniqueIdentifier>
    </Filter>
    <Filter Include="libraries\stamp\core\os\win32">
      <UniqueIdentifier>{dc5402a7-7bdd-4288-b3a6-8c8c80df1038}</UniqueIdentifier>
    </Filter>
    <Filter Include="libraries\gl">
      <UniqueIdentifier>{1de49a1e-59f8-430d-9f57-2e2274aa7a36}</UniqueIdentifier>
    </Filter>
  </ItemGroup>
  <ItemGroup>
    <ClCompile Include="Source.cpp">
      <Filter>Source Files</Filter>
    </ClCompile>
    <ClCompile Include="lua\lbaselib.c">
      <Filter>libraries\lua</Filter>
    </ClCompile>
    <ClCompile Include="lua\lcode.c">
      <Filter>libraries\lua</Filter>
    </ClCompile>
    <ClCompile Include="lua\lcorolib.c">
      <Filter>libraries\lua</Filter>
    </ClCompile>
    <ClCompile Include="lua\lctype.c">
      <Filter>libraries\lua</Filter>
    </ClCompile>
    <ClCompile Include="lua\ldblib.c">
      <Filter>libraries\lua</Filter>
    </ClCompile>
    <ClCompile Include="lua\ldebug.c">
      <Filter>libraries\lua</Filter>
    </ClCompile>
    <ClCompile Include="lua\ldo.c">
      <Filter>libraries\lua</Filter>
    </ClCompile>
    <ClCompile Include="lua\ldump.c">
      <Filter>libraries\lua</Filter>
    </ClCompile>
    <ClCompile Include="lua\lfunc.c">
      <Filter>libraries\lua</Filter>
    </ClCompile>
    <ClCompile Include="lua\lgc.c">
      <Filter>libraries\lua</Filter>
    </ClCompile>
    <ClCompile Include="lua\linit.c">
      <Filter>libraries\lua</Filter>
    </ClCompile>
    <ClCompile Include="lua\liolib.c">
      <Filter>libraries\lua</Filter>
    </ClCompile>
    <ClCompile Include="lua\llex.c">
      <Filter>libraries\lua</Filter>
    </ClCompile>
    <ClCompile Include="lua\lmathlib.c">
      <Filter>libraries\lua</Filter>
    </ClCompile>
    <ClCompile Include="lua\lmem.c">
      <Filter>libraries\lua</Filter>
    </ClCompile>
    <ClCompile Include="lua\loadlib.c">
      <Filter>libraries\lua</Filter>
    </ClCompile>
    <ClCompile Include="lua\lobject.c">
      <Filter>libraries\lua</Filter>
    </ClCompile>
    <ClCompile Include="lua\lopcodes.c">
      <Filter>libraries\lua</Filter>
    </ClCompile>
    <ClCompile Include="lua\loslib.c">
      <Filter>libraries\lua</Filter>
    </ClCompile>
    <ClCompile Include="lua\lparser.c">
      <Filter>libraries\lua</Filter>
    </ClCompile>
    <ClCompile Include="lua\lstate.c">
      <Filter>libraries\lua</Filter>
    </ClCompile>
    <ClCompile Include="lua\lstring.c">
      <Filter>libraries\lua</Filter>
    </ClCompile>
    <ClCompile Include="lua\lstrlib.c">
      <Filter>libraries\lua</Filter>
    </ClCompile>
    <ClCompile Include="lua\ltable.c">
      <Filter>libraries\lua</Filter>
    </ClCompile>
    <ClCompile Include="lua\ltablib.c">
      <Filter>libraries\lua</Filter>
    </ClCompile>
    <ClCompile Include="lua\ltm.c">
      <Filter>libraries\lua</Filter>
    </ClCompile>
    <ClCompile Include="lua\lundump.c">
      <Filter>libraries\lua</Filter>
    </ClCompile>
    <ClCompile Include="lua\lutf8lib.c">
      <Filter>libraries\lua</Filter>
    </ClCompile>
    <ClCompile Include="lua\lvm.c">
      <Filter>libraries\lua</Filter>
    </ClCompile>
    <ClCompile Include="lua\lzio.c">
      <Filter>libraries\lua</Filter>
    </ClCompile>
    <ClCompile Include="lua\lapi.c">
      <Filter>libraries\lua</Filter>
    </ClCompile>
    <ClCompile Include="lua\lauxlib.c">
      <Filter>libraries\lua</Filter>
    </ClCompile>
    <ClCompile Include="stamp\test\vectorTest.cpp">
      <Filter>libraries\stamp\test</Filter>
    </ClCompile>
    <ClCompile Include="stamp\test\luaTest.cpp">
      <Filter>libraries\stamp\test</Filter>
    </ClCompile>
    <ClCompile Include="stamp\test\matrixText.cpp">
      <Filter>libraries\stamp\test</Filter>
    </ClCompile>
    <ClCompile Include="stamp\test\quaternionTest.cpp">
      <Filter>libraries\stamp\test</Filter>
    </ClCompile>
    <ClCompile Include="stamp\hid\hid.cpp">
      <Filter>libraries\stamp\hid</Filter>
    </ClCompile>
    <ClCompile Include="stamp\test\memoryTest.cpp">
      <Filter>libraries\stamp\test</Filter>
    </ClCompile>
    <ClCompile Include="stamp\hid\lualib.cpp">
      <Filter>libraries\stamp\hid</Filter>
    </ClCompile>
    <ClCompile Include="stamp\graphics\window.cpp">
      <Filter>libraries\stamp\graphics</Filter>
    </ClCompile>
    <ClCompile Include="stamp\core\string_extension.cpp">
      <Filter>libraries\stamp\core</Filter>
    </ClCompile>
    <ClCompile Include="stamp\core\bit_extension.cpp">
      <Filter>libraries\stamp\core</Filter>
    </ClCompile>
    <ClCompile Include="stamp\math\lua.cpp">
      <Filter>libraries\stamp\math</Filter>
    </ClCompile>
    <ClCompile Include="stamp\lua\lua.cpp">
      <Filter>libraries\stamp\lua</Filter>
    </ClCompile>
    <ClCompile Include="Jolt\Math\Vec3.cpp">
      <Filter>libraries\Jolt</Filter>
    </ClCompile>
    <ClCompile Include="Jolt\ObjectStream\ObjectStream.cpp">
      <Filter>libraries\Jolt</Filter>
    </ClCompile>
    <ClCompile Include="Jolt\ObjectStream\ObjectStreamBinaryIn.cpp">
      <Filter>libraries\Jolt</Filter>
    </ClCompile>
    <ClCompile Include="Jolt\ObjectStream\ObjectStreamBinaryOut.cpp">
      <Filter>libraries\Jolt</Filter>
    </ClCompile>
    <ClCompile Include="Jolt\ObjectStream\ObjectStreamIn.cpp">
      <Filter>libraries\Jolt</Filter>
    </ClCompile>
    <ClCompile Include="Jolt\ObjectStream\ObjectStreamOut.cpp">
      <Filter>libraries\Jolt</Filter>
    </ClCompile>
    <ClCompile Include="Jolt\ObjectStream\ObjectStreamTextIn.cpp">
      <Filter>libraries\Jolt</Filter>
    </ClCompile>
    <ClCompile Include="Jolt\ObjectStream\ObjectStreamTextOut.cpp">
      <Filter>libraries\Jolt</Filter>
    </ClCompile>
    <ClCompile Include="Jolt\ObjectStream\SerializableObject.cpp">
      <Filter>libraries\Jolt</Filter>
    </ClCompile>
    <ClCompile Include="Jolt\ObjectStream\TypeDeclarations.cpp">
      <Filter>libraries\Jolt</Filter>
    </ClCompile>
    <ClCompile Include="Jolt\Physics\Body\Body.cpp">
      <Filter>libraries\Jolt</Filter>
    </ClCompile>
    <ClCompile Include="Jolt\Physics\Body\BodyCreationSettings.cpp">
      <Filter>libraries\Jolt</Filter>
    </ClCompile>
    <ClCompile Include="Jolt\Physics\Body\BodyInterface.cpp">
      <Filter>libraries\Jolt</Filter>
    </ClCompile>
    <ClCompile Include="Jolt\Physics\Body\BodyManager.cpp">
      <Filter>libraries\Jolt</Filter>
    </ClCompile>
    <ClCompile Include="Jolt\Physics\Body\MassProperties.cpp">
      <Filter>libraries\Jolt</Filter>
    </ClCompile>
    <ClCompile Include="Jolt\Physics\Body\MotionProperties.cpp">
      <Filter>libraries\Jolt</Filter>
    </ClCompile>
    <ClCompile Include="Jolt\Physics\Character\Character.cpp">
      <Filter>libraries\Jolt</Filter>
    </ClCompile>
    <ClCompile Include="Jolt\Physics\Character\CharacterBase.cpp">
      <Filter>libraries\Jolt</Filter>
    </ClCompile>
    <ClCompile Include="Jolt\Physics\Character\CharacterVirtual.cpp">
      <Filter>libraries\Jolt</Filter>
    </ClCompile>
    <ClCompile Include="Jolt\Physics\Collision\BroadPhase\BroadPhase.cpp">
      <Filter>libraries\Jolt</Filter>
    </ClCompile>
    <ClCompile Include="Jolt\Physics\Collision\BroadPhase\BroadPhaseBruteForce.cpp">
      <Filter>libraries\Jolt</Filter>
    </ClCompile>
    <ClCompile Include="Jolt\Physics\Collision\BroadPhase\BroadPhaseQuadTree.cpp">
      <Filter>libraries\Jolt</Filter>
    </ClCompile>
    <ClCompile Include="Jolt\Physics\Collision\BroadPhase\QuadTree.cpp">
      <Filter>libraries\Jolt</Filter>
    </ClCompile>
    <ClCompile Include="Jolt\Physics\Collision\CastConvexVsTriangles.cpp">
      <Filter>libraries\Jolt</Filter>
    </ClCompile>
    <ClCompile Include="Jolt\Physics\Collision\CastSphereVsTriangles.cpp">
      <Filter>libraries\Jolt</Filter>
    </ClCompile>
    <ClCompile Include="Jolt\Physics\Collision\CollideConvexVsTriangles.cpp">
      <Filter>libraries\Jolt</Filter>
    </ClCompile>
    <ClCompile Include="Jolt\Physics\Collision\CollideSphereVsTriangles.cpp">
      <Filter>libraries\Jolt</Filter>
    </ClCompile>
    <ClCompile Include="Jolt\Physics\Collision\CollisionDispatch.cpp">
      <Filter>libraries\Jolt</Filter>
    </ClCompile>
    <ClCompile Include="Jolt\Physics\Collision\CollisionGroup.cpp">
      <Filter>libraries\Jolt</Filter>
    </ClCompile>
    <ClCompile Include="Jolt\Physics\Collision\EstimateCollisionResponse.cpp">
      <Filter>libraries\Jolt</Filter>
    </ClCompile>
    <ClCompile Include="Jolt\Physics\Collision\GroupFilter.cpp">
      <Filter>libraries\Jolt</Filter>
    </ClCompile>
    <ClCompile Include="Jolt\Physics\Collision\GroupFilterTable.cpp">
      <Filter>libraries\Jolt</Filter>
    </ClCompile>
    <ClCompile Include="Jolt\Physics\Collision\ManifoldBetweenTwoFaces.cpp">
      <Filter>libraries\Jolt</Filter>
    </ClCompile>
    <ClCompile Include="Jolt\Physics\Collision\NarrowPhaseQuery.cpp">
      <Filter>libraries\Jolt</Filter>
    </ClCompile>
    <ClCompile Include="Jolt\Physics\Collision\NarrowPhaseStats.cpp">
      <Filter>libraries\Jolt</Filter>
    </ClCompile>
    <ClCompile Include="Jolt\Physics\Collision\PhysicsMaterial.cpp">
      <Filter>libraries\Jolt</Filter>
    </ClCompile>
    <ClCompile Include="Jolt\Physics\Collision\PhysicsMaterialSimple.cpp">
      <Filter>libraries\Jolt</Filter>
    </ClCompile>
    <ClCompile Include="Jolt\Physics\Collision\Shape\BoxShape.cpp">
      <Filter>libraries\Jolt</Filter>
    </ClCompile>
    <ClCompile Include="Jolt\Physics\Collision\Shape\CapsuleShape.cpp">
      <Filter>libraries\Jolt</Filter>
    </ClCompile>
    <ClCompile Include="Jolt\Physics\Collision\Shape\CompoundShape.cpp">
      <Filter>libraries\Jolt</Filter>
    </ClCompile>
    <ClCompile Include="Jolt\Physics\Collision\Shape\ConvexHullShape.cpp">
      <Filter>libraries\Jolt</Filter>
    </ClCompile>
    <ClCompile Include="Jolt\Physics\Collision\Shape\ConvexShape.cpp">
      <Filter>libraries\Jolt</Filter>
    </ClCompile>
    <ClCompile Include="Jolt\Physics\Collision\Shape\CylinderShape.cpp">
      <Filter>libraries\Jolt</Filter>
    </ClCompile>
    <ClCompile Include="Jolt\Physics\Collision\Shape\DecoratedShape.cpp">
      <Filter>libraries\Jolt</Filter>
    </ClCompile>
    <ClCompile Include="Jolt\Physics\Collision\Shape\EmptyShape.cpp">
      <Filter>libraries\Jolt</Filter>
    </ClCompile>
    <ClCompile Include="Jolt\Physics\Collision\Shape\HeightFieldShape.cpp">
      <Filter>libraries\Jolt</Filter>
    </ClCompile>
    <ClCompile Include="Jolt\Physics\Collision\Shape\MeshShape.cpp">
      <Filter>libraries\Jolt</Filter>
    </ClCompile>
    <ClCompile Include="Jolt\Physics\Collision\Shape\MutableCompoundShape.cpp">
      <Filter>libraries\Jolt</Filter>
    </ClCompile>
    <ClCompile Include="Jolt\Physics\Collision\Shape\OffsetCenterOfMassShape.cpp">
      <Filter>libraries\Jolt</Filter>
    </ClCompile>
    <ClCompile Include="Jolt\Physics\Collision\Shape\PlaneShape.cpp">
      <Filter>libraries\Jolt</Filter>
    </ClCompile>
    <ClCompile Include="Jolt\Physics\Collision\Shape\RotatedTranslatedShape.cpp">
      <Filter>libraries\Jolt</Filter>
    </ClCompile>
    <ClCompile Include="Jolt\Physics\Collision\Shape\ScaledShape.cpp">
      <Filter>libraries\Jolt</Filter>
    </ClCompile>
    <ClCompile Include="Jolt\Physics\Collision\Shape\Shape.cpp">
      <Filter>libraries\Jolt</Filter>
    </ClCompile>
    <ClCompile Include="Jolt\Physics\Collision\Shape\SphereShape.cpp">
      <Filter>libraries\Jolt</Filter>
    </ClCompile>
    <ClCompile Include="Jolt\Physics\Collision\Shape\StaticCompoundShape.cpp">
      <Filter>libraries\Jolt</Filter>
    </ClCompile>
    <ClCompile Include="Jolt\Physics\Collision\Shape\TaperedCapsuleShape.cpp">
      <Filter>libraries\Jolt</Filter>
    </ClCompile>
    <ClCompile Include="Jolt\Physics\Collision\Shape\TaperedCylinderShape.cpp">
      <Filter>libraries\Jolt</Filter>
    </ClCompile>
    <ClCompile Include="Jolt\Physics\Collision\Shape\TriangleShape.cpp">
      <Filter>libraries\Jolt</Filter>
    </ClCompile>
    <ClCompile Include="Jolt\Physics\Collision\TransformedShape.cpp">
      <Filter>libraries\Jolt</Filter>
    </ClCompile>
    <ClCompile Include="Jolt\Physics\Constraints\ConeConstraint.cpp">
      <Filter>libraries\Jolt</Filter>
    </ClCompile>
    <ClCompile Include="Jolt\Physics\Constraints\Constraint.cpp">
      <Filter>libraries\Jolt</Filter>
    </ClCompile>
    <ClCompile Include="Jolt\Physics\Constraints\ConstraintManager.cpp">
      <Filter>libraries\Jolt</Filter>
    </ClCompile>
    <ClCompile Include="Jolt\Physics\Constraints\ContactConstraintManager.cpp">
      <Filter>libraries\Jolt</Filter>
    </ClCompile>
    <ClCompile Include="Jolt\Physics\Constraints\DistanceConstraint.cpp">
      <Filter>libraries\Jolt</Filter>
    </ClCompile>
    <ClCompile Include="Jolt\Physics\Constraints\FixedConstraint.cpp">
      <Filter>libraries\Jolt</Filter>
    </ClCompile>
    <ClCompile Include="Jolt\Physics\Constraints\GearConstraint.cpp">
      <Filter>libraries\Jolt</Filter>
    </ClCompile>
    <ClCompile Include="Jolt\Physics\Constraints\HingeConstraint.cpp">
      <Filter>libraries\Jolt</Filter>
    </ClCompile>
    <ClCompile Include="Jolt\Physics\Constraints\MotorSettings.cpp">
      <Filter>libraries\Jolt</Filter>
    </ClCompile>
    <ClCompile Include="Jolt\Physics\Constraints\PathConstraint.cpp">
      <Filter>libraries\Jolt</Filter>
    </ClCompile>
    <ClCompile Include="Jolt\Physics\Constraints\PathConstraintPath.cpp">
      <Filter>libraries\Jolt</Filter>
    </ClCompile>
    <ClCompile Include="Jolt\Physics\Constraints\PathConstraintPathHermite.cpp">
      <Filter>libraries\Jolt</Filter>
    </ClCompile>
    <ClCompile Include="Jolt\Physics\Constraints\PointConstraint.cpp">
      <Filter>libraries\Jolt</Filter>
    </ClCompile>
    <ClCompile Include="Jolt\Physics\Constraints\PulleyConstraint.cpp">
      <Filter>libraries\Jolt</Filter>
    </ClCompile>
    <ClCompile Include="Jolt\Physics\Constraints\RackAndPinionConstraint.cpp">
      <Filter>libraries\Jolt</Filter>
    </ClCompile>
    <ClCompile Include="Jolt\Physics\Constraints\SixDOFConstraint.cpp">
      <Filter>libraries\Jolt</Filter>
    </ClCompile>
    <ClCompile Include="Jolt\Physics\Constraints\SliderConstraint.cpp">
      <Filter>libraries\Jolt</Filter>
    </ClCompile>
    <ClCompile Include="Jolt\Physics\Constraints\SpringSettings.cpp">
      <Filter>libraries\Jolt</Filter>
    </ClCompile>
    <ClCompile Include="Jolt\Physics\Constraints\SwingTwistConstraint.cpp">
      <Filter>libraries\Jolt</Filter>
    </ClCompile>
    <ClCompile Include="Jolt\Physics\Constraints\TwoBodyConstraint.cpp">
      <Filter>libraries\Jolt</Filter>
    </ClCompile>
    <ClCompile Include="Jolt\Physics\DeterminismLog.cpp">
      <Filter>libraries\Jolt</Filter>
    </ClCompile>
    <ClCompile Include="Jolt\Physics\IslandBuilder.cpp">
      <Filter>libraries\Jolt</Filter>
    </ClCompile>
    <ClCompile Include="Jolt\Physics\LargeIslandSplitter.cpp">
      <Filter>libraries\Jolt</Filter>
    </ClCompile>
    <ClCompile Include="Jolt\Physics\PhysicsScene.cpp">
      <Filter>libraries\Jolt</Filter>
    </ClCompile>
    <ClCompile Include="Jolt\Physics\PhysicsSystem.cpp">
      <Filter>libraries\Jolt</Filter>
    </ClCompile>
    <ClCompile Include="Jolt\Physics\PhysicsUpdateContext.cpp">
      <Filter>libraries\Jolt</Filter>
    </ClCompile>
    <ClCompile Include="Jolt\Physics\Ragdoll\Ragdoll.cpp">
      <Filter>libraries\Jolt</Filter>
    </ClCompile>
    <ClCompile Include="Jolt\Physics\SoftBody\SoftBodyCreationSettings.cpp">
      <Filter>libraries\Jolt</Filter>
    </ClCompile>
    <ClCompile Include="Jolt\Physics\SoftBody\SoftBodyMotionProperties.cpp">
      <Filter>libraries\Jolt</Filter>
    </ClCompile>
    <ClCompile Include="Jolt\Physics\SoftBody\SoftBodyShape.cpp">
      <Filter>libraries\Jolt</Filter>
    </ClCompile>
    <ClCompile Include="Jolt\Physics\SoftBody\SoftBodySharedSettings.cpp">
      <Filter>libraries\Jolt</Filter>
    </ClCompile>
    <ClCompile Include="Jolt\Physics\StateRecorderImpl.cpp">
      <Filter>libraries\Jolt</Filter>
    </ClCompile>
    <ClCompile Include="Jolt\Physics\Vehicle\MotorcycleController.cpp">
      <Filter>libraries\Jolt</Filter>
    </ClCompile>
    <ClCompile Include="Jolt\Physics\Vehicle\TrackedVehicleController.cpp">
      <Filter>libraries\Jolt</Filter>
    </ClCompile>
    <ClCompile Include="Jolt\Physics\Vehicle\VehicleAntiRollBar.cpp">
      <Filter>libraries\Jolt</Filter>
    </ClCompile>
    <ClCompile Include="Jolt\Physics\Vehicle\VehicleCollisionTester.cpp">
      <Filter>libraries\Jolt</Filter>
    </ClCompile>
    <ClCompile Include="Jolt\Physics\Vehicle\VehicleConstraint.cpp">
      <Filter>libraries\Jolt</Filter>
    </ClCompile>
    <ClCompile Include="Jolt\Physics\Vehicle\VehicleController.cpp">
      <Filter>libraries\Jolt</Filter>
    </ClCompile>
    <ClCompile Include="Jolt\Physics\Vehicle\VehicleDifferential.cpp">
      <Filter>libraries\Jolt</Filter>
    </ClCompile>
    <ClCompile Include="Jolt\Physics\Vehicle\VehicleEngine.cpp">
      <Filter>libraries\Jolt</Filter>
    </ClCompile>
    <ClCompile Include="Jolt\Physics\Vehicle\VehicleTrack.cpp">
      <Filter>libraries\Jolt</Filter>
    </ClCompile>
    <ClCompile Include="Jolt\Physics\Vehicle\VehicleTransmission.cpp">
      <Filter>libraries\Jolt</Filter>
    </ClCompile>
    <ClCompile Include="Jolt\Physics\Vehicle\Wheel.cpp">
      <Filter>libraries\Jolt</Filter>
    </ClCompile>
    <ClCompile Include="Jolt\Physics\Vehicle\WheeledVehicleController.cpp">
      <Filter>libraries\Jolt</Filter>
    </ClCompile>
    <ClCompile Include="Jolt\Renderer\DebugRenderer.cpp">
      <Filter>libraries\Jolt</Filter>
    </ClCompile>
    <ClCompile Include="Jolt\Renderer\DebugRendererPlayback.cpp">
      <Filter>libraries\Jolt</Filter>
    </ClCompile>
    <ClCompile Include="Jolt\Renderer\DebugRendererRecorder.cpp">
      <Filter>libraries\Jolt</Filter>
    </ClCompile>
    <ClCompile Include="Jolt\Renderer\DebugRendererSimple.cpp">
      <Filter>libraries\Jolt</Filter>
    </ClCompile>
    <ClCompile Include="Jolt\Skeleton\SkeletalAnimation.cpp">
      <Filter>libraries\Jolt</Filter>
    </ClCompile>
    <ClCompile Include="Jolt\Skeleton\Skeleton.cpp">
      <Filter>libraries\Jolt</Filter>
    </ClCompile>
    <ClCompile Include="Jolt\Skeleton\SkeletonMapper.cpp">
      <Filter>libraries\Jolt</Filter>
    </ClCompile>
    <ClCompile Include="Jolt\Skeleton\SkeletonPose.cpp">
      <Filter>libraries\Jolt</Filter>
    </ClCompile>
    <ClCompile Include="Jolt\TriangleSplitter\TriangleSplitter.cpp">
      <Filter>libraries\Jolt</Filter>
    </ClCompile>
    <ClCompile Include="Jolt\TriangleSplitter\TriangleSplitterBinning.cpp">
      <Filter>libraries\Jolt</Filter>
    </ClCompile>
    <ClCompile Include="Jolt\TriangleSplitter\TriangleSplitterMean.cpp">
      <Filter>libraries\Jolt</Filter>
    </ClCompile>
    <ClCompile Include="Jolt\RegisterTypes.cpp">
      <Filter>libraries\Jolt</Filter>
    </ClCompile>
    <ClCompile Include="Jolt\AABBTree\AABBTreeBuilder.cpp">
      <Filter>libraries\Jolt</Filter>
    </ClCompile>
    <ClCompile Include="Jolt\Core\Color.cpp">
      <Filter>libraries\Jolt</Filter>
    </ClCompile>
    <ClCompile Include="Jolt\Core\Factory.cpp">
      <Filter>libraries\Jolt</Filter>
    </ClCompile>
    <ClCompile Include="Jolt\Core\IssueReporting.cpp">
      <Filter>libraries\Jolt</Filter>
    </ClCompile>
    <ClCompile Include="Jolt\Core\JobSystemSingleThreaded.cpp">
      <Filter>libraries\Jolt</Filter>
    </ClCompile>
    <ClCompile Include="Jolt\Core\JobSystemThreadPool.cpp">
      <Filter>libraries\Jolt</Filter>
    </ClCompile>
    <ClCompile Include="Jolt\Core\JobSystemWithBarrier.cpp">
      <Filter>libraries\Jolt</Filter>
    </ClCompile>
    <ClCompile Include="Jolt\Core\LinearCurve.cpp">
      <Filter>libraries\Jolt</Filter>
    </ClCompile>
    <ClCompile Include="Jolt\Core\Memory.cpp">
      <Filter>libraries\Jolt</Filter>
    </ClCompile>
    <ClCompile Include="Jolt\Core\Profiler.cpp">
      <Filter>libraries\Jolt</Filter>
    </ClCompile>
    <ClCompile Include="Jolt\Core\RTTI.cpp">
      <Filter>libraries\Jolt</Filter>
    </ClCompile>
    <ClCompile Include="Jolt\Core\Semaphore.cpp">
      <Filter>libraries\Jolt</Filter>
    </ClCompile>
    <ClCompile Include="Jolt\Core\StringTools.cpp">
      <Filter>libraries\Jolt</Filter>
    </ClCompile>
    <ClCompile Include="Jolt\Core\TickCounter.cpp">
      <Filter>libraries\Jolt</Filter>
    </ClCompile>
    <ClCompile Include="Jolt\Geometry\ConvexHullBuilder.cpp">
      <Filter>libraries\Jolt</Filter>
    </ClCompile>
    <ClCompile Include="Jolt\Geometry\ConvexHullBuilder2D.cpp">
      <Filter>libraries\Jolt</Filter>
    </ClCompile>
    <ClCompile Include="Jolt\Geometry\Indexify.cpp">
      <Filter>libraries\Jolt</Filter>
    </ClCompile>
    <ClCompile Include="Jolt\Geometry\OrientedBox.cpp">
      <Filter>libraries\Jolt</Filter>
    </ClCompile>
    <ClCompile Include="stamp\core\os\windows\win32.cpp">
      <Filter>libraries\stamp\core\os\win32</Filter>
    </ClCompile>
    <ClCompile Include="stamp\core\os\windows\win32hid.cpp">
      <Filter>libraries\stamp\core\os\win32</Filter>
    </ClCompile>
    <ClCompile Include="stamp\core\os\windows\win32keyboard.cpp">
      <Filter>libraries\stamp\core\os\win32</Filter>
    </ClCompile>
    <ClCompile Include="stamp\core\os\windows\win32mouse.cpp">
      <Filter>libraries\stamp\core\os\win32</Filter>
    </ClCompile>
    <ClCompile Include="stamp\core\time.cpp">
      <Filter>libraries\stamp\core</Filter>
    </ClCompile>
    <ClCompile Include="gl\GLM.cpp">
      <Filter>libraries\gl</Filter>
    </ClCompile>
    <ClCompile Include="stamp\graphics\gl\glmanager.cpp">
      <Filter>libraries\stamp\graphics\gl</Filter>
    </ClCompile>
    <ClCompile Include="stamp\graphics\gl\shader.cpp">
      <Filter>libraries\stamp\graphics\gl</Filter>
    </ClCompile>
  </ItemGroup>
  <ItemGroup>
    <ClInclude Include="stamp\math\vector.h">
      <Filter>libraries\stamp\math</Filter>
    </ClInclude>
    <ClInclude Include="stamp\define.h">
      <Filter>libraries\stamp</Filter>
    </ClInclude>
    <ClInclude Include="stamp\math\define.h">
      <Filter>libraries\stamp\math</Filter>
    </ClInclude>
    <ClInclude Include="stamp\math\quaternion.h">
      <Filter>libraries\stamp\math</Filter>
    </ClInclude>
    <ClInclude Include="stamp\getset.h">
      <Filter>libraries\stamp</Filter>
    </ClInclude>
    <ClInclude Include="stamp\noncopyable.h">
      <Filter>libraries\stamp</Filter>
    </ClInclude>
    <ClInclude Include="stamp\math\matrix.h">
      <Filter>libraries\stamp\math</Filter>
    </ClInclude>
    <ClInclude Include="stamp\math\rect.h">
      <Filter>libraries\stamp\math</Filter>
    </ClInclude>
    <ClInclude Include="stamp\core\define.h">
      <Filter>libraries\stamp\core</Filter>
    </ClInclude>
    <ClInclude Include="stamp\hid\keyboard.h">
      <Filter>libraries\stamp\hid</Filter>
    </ClInclude>
    <ClInclude Include="stamp\hid\mouse.h">
      <Filter>libraries\stamp\hid</Filter>
    </ClInclude>
    <ClInclude Include="stamp\hid\define.h">
      <Filter>libraries\stamp\hid</Filter>
    </ClInclude>
    <ClInclude Include="stamp\hid\hid.h">
      <Filter>libraries\stamp\hid</Filter>
    </ClInclude>
    <ClInclude Include="stamp\memory.h">
      <Filter>libraries\stamp</Filter>
    </ClInclude>
    <ClInclude Include="lua\lcode.h">
      <Filter>libraries\lua</Filter>
    </ClInclude>
    <ClInclude Include="lua\lctype.h">
      <Filter>libraries\lua</Filter>
    </ClInclude>
    <ClInclude Include="lua\ldebug.h">
      <Filter>libraries\lua</Filter>
    </ClInclude>
    <ClInclude Include="lua\ldo.h">
      <Filter>libraries\lua</Filter>
    </ClInclude>
    <ClInclude Include="lua\lfunc.h">
      <Filter>libraries\lua</Filter>
    </ClInclude>
    <ClInclude Include="lua\lgc.h">
      <Filter>libraries\lua</Filter>
    </ClInclude>
    <ClInclude Include="lua\ljumptab.h">
      <Filter>libraries\lua</Filter>
    </ClInclude>
    <ClInclude Include="lua\llex.h">
      <Filter>libraries\lua</Filter>
    </ClInclude>
    <ClInclude Include="lua\llimits.h">
      <Filter>libraries\lua</Filter>
    </ClInclude>
    <ClInclude Include="lua\lmem.h">
      <Filter>libraries\lua</Filter>
    </ClInclude>
    <ClInclude Include="lua\lobject.h">
      <Filter>libraries\lua</Filter>
    </ClInclude>
    <ClInclude Include="lua\lopcodes.h">
      <Filter>libraries\lua</Filter>
    </ClInclude>
    <ClInclude Include="lua\lopnames.h">
      <Filter>libraries\lua</Filter>
    </ClInclude>
    <ClInclude Include="lua\lparser.h">
      <Filter>libraries\lua</Filter>
    </ClInclude>
    <ClInclude Include="lua\lprefix.h">
      <Filter>libraries\lua</Filter>
    </ClInclude>
    <ClInclude Include="lua\lstate.h">
      <Filter>libraries\lua</Filter>
    </ClInclude>
    <ClInclude Include="lua\lstring.h">
      <Filter>libraries\lua</Filter>
    </ClInclude>
    <ClInclude Include="lua\ltable.h">
      <Filter>libraries\lua</Filter>
    </ClInclude>
    <ClInclude Include="lua\ltm.h">
      <Filter>libraries\lua</Filter>
    </ClInclude>
    <ClInclude Include="lua\lua.h">
      <Filter>libraries\lua</Filter>
    </ClInclude>
    <ClInclude Include="lua\lua.hpp">
      <Filter>libraries\lua</Filter>
    </ClInclude>
    <ClInclude Include="lua\luaconf.h">
      <Filter>libraries\lua</Filter>
    </ClInclude>
    <ClInclude Include="lua\lualib.h">
      <Filter>libraries\lua</Filter>
    </ClInclude>
    <ClInclude Include="lua\lundump.h">
      <Filter>libraries\lua</Filter>
    </ClInclude>
    <ClInclude Include="lua\lvm.h">
      <Filter>libraries\lua</Filter>
    </ClInclude>
    <ClInclude Include="lua\lzio.h">
      <Filter>libraries\lua</Filter>
    </ClInclude>
    <ClInclude Include="lua\lapi.h">
      <Filter>libraries\lua</Filter>
    </ClInclude>
    <ClInclude Include="lua\lauxlib.h">
      <Filter>libraries\lua</Filter>
    </ClInclude>
    <ClInclude Include="stamp\lua\define.h">
      <Filter>libraries\stamp\lua</Filter>
    </ClInclude>
    <ClInclude Include="stamp\hid\lua.h">
      <Filter>libraries\stamp\hid</Filter>
    </ClInclude>
    <ClInclude Include="stamp\graphics\window.h">
      <Filter>libraries\stamp\graphics</Filter>
    </ClInclude>
    <ClInclude Include="stamp\graphics\define.h">
      <Filter>libraries\stamp\graphics</Filter>
    </ClInclude>
    <ClInclude Include="stamp\core\string_extension.h">
      <Filter>libraries\stamp\core</Filter>
    </ClInclude>
    <ClInclude Include="stamp\graphics\windowgl.h">
      <Filter>libraries\stamp\graphics</Filter>
    </ClInclude>
    <ClInclude Include="stamp\core\bit_extension.h">
      <Filter>libraries\stamp\core</Filter>
    </ClInclude>
    <ClInclude Include="sol\sol.hpp">
      <Filter>libraries\sol</Filter>
    </ClInclude>
    <ClInclude Include="stamp\lua\lua.h">
      <Filter>libraries\stamp\lua</Filter>
    </ClInclude>
    <ClInclude Include="sol\forward.hpp">
      <Filter>libraries\sol</Filter>
    </ClInclude>
    <ClInclude Include="sol\config.hpp">
      <Filter>libraries\sol</Filter>
    </ClInclude>
    <ClInclude Include="stamp\math\lua.h">
      <Filter>libraries\stamp\math</Filter>
    </ClInclude>
    <ClInclude Include="stamp\network\socketstream.h">
      <Filter>libraries\stamp\network</Filter>
    </ClInclude>
    <ClInclude Include="Jolt\Math\BVec16.h">
      <Filter>libraries\Jolt</Filter>
    </ClInclude>
    <ClInclude Include="Jolt\Math\DMat44.h">
      <Filter>libraries\Jolt</Filter>
    </ClInclude>
    <ClInclude Include="Jolt\Math\Double3.h">
      <Filter>libraries\Jolt</Filter>
    </ClInclude>
    <ClInclude Include="Jolt\Math\DVec3.h">
      <Filter>libraries\Jolt</Filter>
    </ClInclude>
    <ClInclude Include="Jolt\Math\DynMatrix.h">
      <Filter>libraries\Jolt</Filter>
    </ClInclude>
    <ClInclude Include="Jolt\Math\EigenValueSymmetric.h">
      <Filter>libraries\Jolt</Filter>
    </ClInclude>
    <ClInclude Include="Jolt\Math\FindRoot.h">
      <Filter>libraries\Jolt</Filter>
    </ClInclude>
    <ClInclude Include="Jolt\Math\Float2.h">
      <Filter>libraries\Jolt</Filter>
    </ClInclude>
    <ClInclude Include="Jolt\Math\Float3.h">
      <Filter>libraries\Jolt</Filter>
    </ClInclude>
    <ClInclude Include="Jolt\Math\Float4.h">
      <Filter>libraries\Jolt</Filter>
    </ClInclude>
    <ClInclude Include="Jolt\Math\GaussianElimination.h">
      <Filter>libraries\Jolt</Filter>
    </ClInclude>
    <ClInclude Include="Jolt\Math\HalfFloat.h">
      <Filter>libraries\Jolt</Filter>
    </ClInclude>
    <ClInclude Include="Jolt\Math\Mat44.h">
      <Filter>libraries\Jolt</Filter>
    </ClInclude>
    <ClInclude Include="Jolt\Math\Math.h">
      <Filter>libraries\Jolt</Filter>
    </ClInclude>
    <ClInclude Include="Jolt\Math\MathTypes.h">
      <Filter>libraries\Jolt</Filter>
    </ClInclude>
    <ClInclude Include="Jolt\Math\Matrix.h">
      <Filter>libraries\Jolt</Filter>
    </ClInclude>
    <ClInclude Include="Jolt\Math\Quat.h">
      <Filter>libraries\Jolt</Filter>
    </ClInclude>
    <ClInclude Include="Jolt\Math\Real.h">
      <Filter>libraries\Jolt</Filter>
    </ClInclude>
    <ClInclude Include="Jolt\Math\Swizzle.h">
      <Filter>libraries\Jolt</Filter>
    </ClInclude>
    <ClInclude Include="Jolt\Math\Trigonometry.h">
      <Filter>libraries\Jolt</Filter>
    </ClInclude>
    <ClInclude Include="Jolt\Math\UVec4.h">
      <Filter>libraries\Jolt</Filter>
    </ClInclude>
    <ClInclude Include="Jolt\Math\Vec3.h">
      <Filter>libraries\Jolt</Filter>
    </ClInclude>
    <ClInclude Include="Jolt\Math\Vec4.h">
      <Filter>libraries\Jolt</Filter>
    </ClInclude>
    <ClInclude Include="Jolt\Math\Vector.h">
      <Filter>libraries\Jolt</Filter>
    </ClInclude>
    <ClInclude Include="Jolt\ObjectStream\GetPrimitiveTypeOfType.h">
      <Filter>libraries\Jolt</Filter>
    </ClInclude>
    <ClInclude Include="Jolt\ObjectStream\ObjectStream.h">
      <Filter>libraries\Jolt</Filter>
    </ClInclude>
    <ClInclude Include="Jolt\ObjectStream\ObjectStreamBinaryIn.h">
      <Filter>libraries\Jolt</Filter>
    </ClInclude>
    <ClInclude Include="Jolt\ObjectStream\ObjectStreamBinaryOut.h">
      <Filter>libraries\Jolt</Filter>
    </ClInclude>
    <ClInclude Include="Jolt\ObjectStream\ObjectStreamIn.h">
      <Filter>libraries\Jolt</Filter>
    </ClInclude>
    <ClInclude Include="Jolt\ObjectStream\ObjectStreamOut.h">
      <Filter>libraries\Jolt</Filter>
    </ClInclude>
    <ClInclude Include="Jolt\ObjectStream\ObjectStreamTextIn.h">
      <Filter>libraries\Jolt</Filter>
    </ClInclude>
    <ClInclude Include="Jolt\ObjectStream\ObjectStreamTextOut.h">
      <Filter>libraries\Jolt</Filter>
    </ClInclude>
    <ClInclude Include="Jolt\ObjectStream\ObjectStreamTypes.h">
      <Filter>libraries\Jolt</Filter>
    </ClInclude>
    <ClInclude Include="Jolt\ObjectStream\SerializableAttribute.h">
      <Filter>libraries\Jolt</Filter>
    </ClInclude>
    <ClInclude Include="Jolt\ObjectStream\SerializableAttributeEnum.h">
      <Filter>libraries\Jolt</Filter>
    </ClInclude>
    <ClInclude Include="Jolt\ObjectStream\SerializableAttributeTyped.h">
      <Filter>libraries\Jolt</Filter>
    </ClInclude>
    <ClInclude Include="Jolt\ObjectStream\SerializableObject.h">
      <Filter>libraries\Jolt</Filter>
    </ClInclude>
    <ClInclude Include="Jolt\ObjectStream\TypeDeclarations.h">
      <Filter>libraries\Jolt</Filter>
    </ClInclude>
    <ClInclude Include="Jolt\Physics\Body\AllowedDOFs.h">
      <Filter>libraries\Jolt</Filter>
    </ClInclude>
    <ClInclude Include="Jolt\Physics\Body\Body.h">
      <Filter>libraries\Jolt</Filter>
    </ClInclude>
    <ClInclude Include="Jolt\Physics\Body\BodyAccess.h">
      <Filter>libraries\Jolt</Filter>
    </ClInclude>
    <ClInclude Include="Jolt\Physics\Body\BodyActivationListener.h">
      <Filter>libraries\Jolt</Filter>
    </ClInclude>
    <ClInclude Include="Jolt\Physics\Body\BodyCreationSettings.h">
      <Filter>libraries\Jolt</Filter>
    </ClInclude>
    <ClInclude Include="Jolt\Physics\Body\BodyFilter.h">
      <Filter>libraries\Jolt</Filter>
    </ClInclude>
    <ClInclude Include="Jolt\Physics\Body\BodyID.h">
      <Filter>libraries\Jolt</Filter>
    </ClInclude>
    <ClInclude Include="Jolt\Physics\Body\BodyInterface.h">
      <Filter>libraries\Jolt</Filter>
    </ClInclude>
    <ClInclude Include="Jolt\Physics\Body\BodyLock.h">
      <Filter>libraries\Jolt</Filter>
    </ClInclude>
    <ClInclude Include="Jolt\Physics\Body\BodyLockInterface.h">
      <Filter>libraries\Jolt</Filter>
    </ClInclude>
    <ClInclude Include="Jolt\Physics\Body\BodyLockMulti.h">
      <Filter>libraries\Jolt</Filter>
    </ClInclude>
    <ClInclude Include="Jolt\Physics\Body\BodyManager.h">
      <Filter>libraries\Jolt</Filter>
    </ClInclude>
    <ClInclude Include="Jolt\Physics\Body\BodyPair.h">
      <Filter>libraries\Jolt</Filter>
    </ClInclude>
    <ClInclude Include="Jolt\Physics\Body\BodyType.h">
      <Filter>libraries\Jolt</Filter>
    </ClInclude>
    <ClInclude Include="Jolt\Physics\Body\MassProperties.h">
      <Filter>libraries\Jolt</Filter>
    </ClInclude>
    <ClInclude Include="Jolt\Physics\Body\MotionProperties.h">
      <Filter>libraries\Jolt</Filter>
    </ClInclude>
    <ClInclude Include="Jolt\Physics\Body\MotionQuality.h">
      <Filter>libraries\Jolt</Filter>
    </ClInclude>
    <ClInclude Include="Jolt\Physics\Body\MotionType.h">
      <Filter>libraries\Jolt</Filter>
    </ClInclude>
    <ClInclude Include="Jolt\Physics\Character\Character.h">
      <Filter>libraries\Jolt</Filter>
    </ClInclude>
    <ClInclude Include="Jolt\Physics\Character\CharacterBase.h">
      <Filter>libraries\Jolt</Filter>
    </ClInclude>
    <ClInclude Include="Jolt\Physics\Character\CharacterID.h">
      <Filter>libraries\Jolt</Filter>
    </ClInclude>
    <ClInclude Include="Jolt\Physics\Character\CharacterVirtual.h">
      <Filter>libraries\Jolt</Filter>
    </ClInclude>
    <ClInclude Include="Jolt\Physics\Collision\AABoxCast.h">
      <Filter>libraries\Jolt</Filter>
    </ClInclude>
    <ClInclude Include="Jolt\Physics\Collision\ActiveEdgeMode.h">
      <Filter>libraries\Jolt</Filter>
    </ClInclude>
    <ClInclude Include="Jolt\Physics\Collision\ActiveEdges.h">
      <Filter>libraries\Jolt</Filter>
    </ClInclude>
    <ClInclude Include="Jolt\Physics\Collision\BackFaceMode.h">
      <Filter>libraries\Jolt</Filter>
    </ClInclude>
    <ClInclude Include="Jolt\Physics\Collision\BroadPhase\BroadPhase.h">
      <Filter>libraries\Jolt</Filter>
    </ClInclude>
    <ClInclude Include="Jolt\Physics\Collision\BroadPhase\BroadPhaseBruteForce.h">
      <Filter>libraries\Jolt</Filter>
    </ClInclude>
    <ClInclude Include="Jolt\Physics\Collision\BroadPhase\BroadPhaseLayer.h">
      <Filter>libraries\Jolt</Filter>
    </ClInclude>
    <ClInclude Include="Jolt\Physics\Collision\BroadPhase\BroadPhaseLayerInterfaceMask.h">
      <Filter>libraries\Jolt</Filter>
    </ClInclude>
    <ClInclude Include="Jolt\Physics\Collision\BroadPhase\BroadPhaseLayerInterfaceTable.h">
      <Filter>libraries\Jolt</Filter>
    </ClInclude>
    <ClInclude Include="Jolt\Physics\Collision\BroadPhase\BroadPhaseQuadTree.h">
      <Filter>libraries\Jolt</Filter>
    </ClInclude>
    <ClInclude Include="Jolt\Physics\Collision\BroadPhase\BroadPhaseQuery.h">
      <Filter>libraries\Jolt</Filter>
    </ClInclude>
    <ClInclude Include="Jolt\Physics\Collision\BroadPhase\ObjectVsBroadPhaseLayerFilterMask.h">
      <Filter>libraries\Jolt</Filter>
    </ClInclude>
    <ClInclude Include="Jolt\Physics\Collision\BroadPhase\ObjectVsBroadPhaseLayerFilterTable.h">
      <Filter>libraries\Jolt</Filter>
    </ClInclude>
    <ClInclude Include="Jolt\Physics\Collision\BroadPhase\QuadTree.h">
      <Filter>libraries\Jolt</Filter>
    </ClInclude>
    <ClInclude Include="Jolt\Physics\Collision\CastConvexVsTriangles.h">
      <Filter>libraries\Jolt</Filter>
    </ClInclude>
    <ClInclude Include="Jolt\Physics\Collision\CastResult.h">
      <Filter>libraries\Jolt</Filter>
    </ClInclude>
    <ClInclude Include="Jolt\Physics\Collision\CastSphereVsTriangles.h">
      <Filter>libraries\Jolt</Filter>
    </ClInclude>
    <ClInclude Include="Jolt\Physics\Collision\CollectFacesMode.h">
      <Filter>libraries\Jolt</Filter>
    </ClInclude>
    <ClInclude Include="Jolt\Physics\Collision\CollideConvexVsTriangles.h">
      <Filter>libraries\Jolt</Filter>
    </ClInclude>
    <ClInclude Include="Jolt\Physics\Collision\CollidePointResult.h">
      <Filter>libraries\Jolt</Filter>
    </ClInclude>
    <ClInclude Include="Jolt\Physics\Collision\CollideShape.h">
      <Filter>libraries\Jolt</Filter>
    </ClInclude>
    <ClInclude Include="Jolt\Physics\Collision\CollideShapeVsShapePerLeaf.h">
      <Filter>libraries\Jolt</Filter>
    </ClInclude>
    <ClInclude Include="Jolt\Physics\Collision\CollideSoftBodyVertexIterator.h">
      <Filter>libraries\Jolt</Filter>
    </ClInclude>
    <ClInclude Include="Jolt\Physics\Collision\CollideSoftBodyVerticesVsTriangles.h">
      <Filter>libraries\Jolt</Filter>
    </ClInclude>
    <ClInclude Include="Jolt\Physics\Collision\CollideSphereVsTriangles.h">
      <Filter>libraries\Jolt</Filter>
    </ClInclude>
    <ClInclude Include="Jolt\Physics\Collision\CollisionCollector.h">
      <Filter>libraries\Jolt</Filter>
    </ClInclude>
    <ClInclude Include="Jolt\Physics\Collision\CollisionCollectorImpl.h">
      <Filter>libraries\Jolt</Filter>
    </ClInclude>
    <ClInclude Include="Jolt\Physics\Collision\CollisionDispatch.h">
      <Filter>libraries\Jolt</Filter>
    </ClInclude>
    <ClInclude Include="Jolt\Physics\Collision\CollisionGroup.h">
      <Filter>libraries\Jolt</Filter>
    </ClInclude>
    <ClInclude Include="Jolt\Physics\Collision\ContactListener.h">
      <Filter>libraries\Jolt</Filter>
    </ClInclude>
    <ClInclude Include="Jolt\Physics\Collision\EstimateCollisionResponse.h">
      <Filter>libraries\Jolt</Filter>
    </ClInclude>
    <ClInclude Include="Jolt\Physics\Collision\GroupFilter.h">
      <Filter>libraries\Jolt</Filter>
    </ClInclude>
    <ClInclude Include="Jolt\Physics\Collision\GroupFilterTable.h">
      <Filter>libraries\Jolt</Filter>
    </ClInclude>
    <ClInclude Include="Jolt\Physics\Collision\InternalEdgeRemovingCollector.h">
      <Filter>libraries\Jolt</Filter>
    </ClInclude>
    <ClInclude Include="Jolt\Physics\Collision\ManifoldBetweenTwoFaces.h">
      <Filter>libraries\Jolt</Filter>
    </ClInclude>
    <ClInclude Include="Jolt\Physics\Collision\NarrowPhaseQuery.h">
      <Filter>libraries\Jolt</Filter>
    </ClInclude>
    <ClInclude Include="Jolt\Physics\Collision\NarrowPhaseStats.h">
      <Filter>libraries\Jolt</Filter>
    </ClInclude>
    <ClInclude Include="Jolt\Physics\Collision\ObjectLayer.h">
      <Filter>libraries\Jolt</Filter>
    </ClInclude>
    <ClInclude Include="Jolt\Physics\Collision\ObjectLayerPairFilterMask.h">
      <Filter>libraries\Jolt</Filter>
    </ClInclude>
    <ClInclude Include="Jolt\Physics\Collision\ObjectLayerPairFilterTable.h">
      <Filter>libraries\Jolt</Filter>
    </ClInclude>
    <ClInclude Include="Jolt\Physics\Collision\PhysicsMaterial.h">
      <Filter>libraries\Jolt</Filter>
    </ClInclude>
    <ClInclude Include="Jolt\Physics\Collision\PhysicsMaterialSimple.h">
      <Filter>libraries\Jolt</Filter>
    </ClInclude>
    <ClInclude Include="Jolt\Physics\Collision\RayCast.h">
      <Filter>libraries\Jolt</Filter>
    </ClInclude>
    <ClInclude Include="Jolt\Physics\Collision\Shape\BoxShape.h">
      <Filter>libraries\Jolt</Filter>
    </ClInclude>
    <ClInclude Include="Jolt\Physics\Collision\Shape\CapsuleShape.h">
      <Filter>libraries\Jolt</Filter>
    </ClInclude>
    <ClInclude Include="Jolt\Physics\Collision\Shape\CompoundShape.h">
      <Filter>libraries\Jolt</Filter>
    </ClInclude>
    <ClInclude Include="Jolt\Physics\Collision\Shape\CompoundShapeVisitors.h">
      <Filter>libraries\Jolt</Filter>
    </ClInclude>
    <ClInclude Include="Jolt\Physics\Collision\Shape\ConvexHullShape.h">
      <Filter>libraries\Jolt</Filter>
    </ClInclude>
    <ClInclude Include="Jolt\Physics\Collision\Shape\ConvexShape.h">
      <Filter>libraries\Jolt</Filter>
    </ClInclude>
    <ClInclude Include="Jolt\Physics\Collision\Shape\CylinderShape.h">
      <Filter>libraries\Jolt</Filter>
    </ClInclude>
    <ClInclude Include="Jolt\Physics\Collision\Shape\DecoratedShape.h">
      <Filter>libraries\Jolt</Filter>
    </ClInclude>
    <ClInclude Include="Jolt\Physics\Collision\Shape\EmptyShape.h">
      <Filter>libraries\Jolt</Filter>
    </ClInclude>
    <ClInclude Include="Jolt\Physics\Collision\Shape\GetTrianglesContext.h">
      <Filter>libraries\Jolt</Filter>
    </ClInclude>
    <ClInclude Include="Jolt\Physics\Collision\Shape\HeightFieldShape.h">
      <Filter>libraries\Jolt</Filter>
    </ClInclude>
    <ClInclude Include="Jolt\Physics\Collision\Shape\MeshShape.h">
      <Filter>libraries\Jolt</Filter>
    </ClInclude>
    <ClInclude Include="Jolt\Physics\Collision\Shape\MutableCompoundShape.h">
      <Filter>libraries\Jolt</Filter>
    </ClInclude>
    <ClInclude Include="Jolt\Physics\Collision\Shape\OffsetCenterOfMassShape.h">
      <Filter>libraries\Jolt</Filter>
    </ClInclude>
    <ClInclude Include="Jolt\Physics\Collision\Shape\PlaneShape.h">
      <Filter>libraries\Jolt</Filter>
    </ClInclude>
    <ClInclude Include="Jolt\Physics\Collision\Shape\PolyhedronSubmergedVolumeCalculator.h">
      <Filter>libraries\Jolt</Filter>
    </ClInclude>
    <ClInclude Include="Jolt\Physics\Collision\Shape\RotatedTranslatedShape.h">
      <Filter>libraries\Jolt</Filter>
    </ClInclude>
    <ClInclude Include="Jolt\Physics\Collision\Shape\ScaledShape.h">
      <Filter>libraries\Jolt</Filter>
    </ClInclude>
    <ClInclude Include="Jolt\Physics\Collision\Shape\ScaleHelpers.h">
      <Filter>libraries\Jolt</Filter>
    </ClInclude>
    <ClInclude Include="Jolt\Physics\Collision\Shape\Shape.h">
      <Filter>libraries\Jolt</Filter>
    </ClInclude>
    <ClInclude Include="Jolt\Physics\Collision\Shape\SphereShape.h">
      <Filter>libraries\Jolt</Filter>
    </ClInclude>
    <ClInclude Include="Jolt\Physics\Collision\Shape\StaticCompoundShape.h">
      <Filter>libraries\Jolt</Filter>
    </ClInclude>
    <ClInclude Include="Jolt\Physics\Collision\Shape\SubShapeID.h">
      <Filter>libraries\Jolt</Filter>
    </ClInclude>
    <ClInclude Include="Jolt\Physics\Collision\Shape\SubShapeIDPair.h">
      <Filter>libraries\Jolt</Filter>
    </ClInclude>
    <ClInclude Include="Jolt\Physics\Collision\Shape\TaperedCapsuleShape.h">
      <Filter>libraries\Jolt</Filter>
    </ClInclude>
    <ClInclude Include="Jolt\Physics\Collision\Shape\TaperedCylinderShape.h">
      <Filter>libraries\Jolt</Filter>
    </ClInclude>
    <ClInclude Include="Jolt\Physics\Collision\Shape\TriangleShape.h">
      <Filter>libraries\Jolt</Filter>
    </ClInclude>
    <ClInclude Include="Jolt\Physics\Collision\ShapeCast.h">
      <Filter>libraries\Jolt</Filter>
    </ClInclude>
    <ClInclude Include="Jolt\Physics\Collision\ShapeFilter.h">
      <Filter>libraries\Jolt</Filter>
    </ClInclude>
    <ClInclude Include="Jolt\Physics\Collision\SimShapeFilter.h">
      <Filter>libraries\Jolt</Filter>
    </ClInclude>
    <ClInclude Include="Jolt\Physics\Collision\SimShapeFilterWrapper.h">
      <Filter>libraries\Jolt</Filter>
    </ClInclude>
    <ClInclude Include="Jolt\Physics\Collision\SortReverseAndStore.h">
      <Filter>libraries\Jolt</Filter>
    </ClInclude>
    <ClInclude Include="Jolt\Physics\Collision\TransformedShape.h">
      <Filter>libraries\Jolt</Filter>
    </ClInclude>
    <ClInclude Include="Jolt\Physics\Constraints\CalculateSolverSteps.h">
      <Filter>libraries\Jolt</Filter>
    </ClInclude>
    <ClInclude Include="Jolt\Physics\Constraints\ConeConstraint.h">
      <Filter>libraries\Jolt</Filter>
    </ClInclude>
    <ClInclude Include="Jolt\Physics\Constraints\Constraint.h">
      <Filter>libraries\Jolt</Filter>
    </ClInclude>
    <ClInclude Include="Jolt\Physics\Constraints\ConstraintManager.h">
      <Filter>libraries\Jolt</Filter>
    </ClInclude>
    <ClInclude Include="Jolt\Physics\Constraints\ConstraintPart\AngleConstraintPart.h">
      <Filter>libraries\Jolt</Filter>
    </ClInclude>
    <ClInclude Include="Jolt\Physics\Constraints\ConstraintPart\AxisConstraintPart.h">
      <Filter>libraries\Jolt</Filter>
    </ClInclude>
    <ClInclude Include="Jolt\Physics\Constraints\ConstraintPart\DualAxisConstraintPart.h">
      <Filter>libraries\Jolt</Filter>
    </ClInclude>
    <ClInclude Include="Jolt\Physics\Constraints\ConstraintPart\GearConstraintPart.h">
      <Filter>libraries\Jolt</Filter>
    </ClInclude>
    <ClInclude Include="Jolt\Physics\Constraints\ConstraintPart\HingeRotationConstraintPart.h">
      <Filter>libraries\Jolt</Filter>
    </ClInclude>
    <ClInclude Include="Jolt\Physics\Constraints\ConstraintPart\IndependentAxisConstraintPart.h">
      <Filter>libraries\Jolt</Filter>
    </ClInclude>
    <ClInclude Include="Jolt\Physics\Constraints\ConstraintPart\PointConstraintPart.h">
      <Filter>libraries\Jolt</Filter>
    </ClInclude>
    <ClInclude Include="Jolt\Physics\Constraints\ConstraintPart\RackAndPinionConstraintPart.h">
      <Filter>libraries\Jolt</Filter>
    </ClInclude>
    <ClInclude Include="Jolt\Physics\Constraints\ConstraintPart\RotationEulerConstraintPart.h">
      <Filter>libraries\Jolt</Filter>
    </ClInclude>
    <ClInclude Include="Jolt\Physics\Constraints\ConstraintPart\RotationQuatConstraintPart.h">
      <Filter>libraries\Jolt</Filter>
    </ClInclude>
    <ClInclude Include="Jolt\Physics\Constraints\ConstraintPart\SpringPart.h">
      <Filter>libraries\Jolt</Filter>
    </ClInclude>
    <ClInclude Include="Jolt\Physics\Constraints\ConstraintPart\SwingTwistConstraintPart.h">
      <Filter>libraries\Jolt</Filter>
    </ClInclude>
    <ClInclude Include="Jolt\Physics\Constraints\ContactConstraintManager.h">
      <Filter>libraries\Jolt</Filter>
    </ClInclude>
    <ClInclude Include="Jolt\Physics\Constraints\DistanceConstraint.h">
      <Filter>libraries\Jolt</Filter>
    </ClInclude>
    <ClInclude Include="Jolt\Physics\Constraints\FixedConstraint.h">
      <Filter>libraries\Jolt</Filter>
    </ClInclude>
    <ClInclude Include="Jolt\Physics\Constraints\GearConstraint.h">
      <Filter>libraries\Jolt</Filter>
    </ClInclude>
    <ClInclude Include="Jolt\Physics\Constraints\HingeConstraint.h">
      <Filter>libraries\Jolt</Filter>
    </ClInclude>
    <ClInclude Include="Jolt\Physics\Constraints\MotorSettings.h">
      <Filter>libraries\Jolt</Filter>
    </ClInclude>
    <ClInclude Include="Jolt\Physics\Constraints\PathConstraint.h">
      <Filter>libraries\Jolt</Filter>
    </ClInclude>
    <ClInclude Include="Jolt\Physics\Constraints\PathConstraintPath.h">
      <Filter>libraries\Jolt</Filter>
    </ClInclude>
    <ClInclude Include="Jolt\Physics\Constraints\PathConstraintPathHermite.h">
      <Filter>libraries\Jolt</Filter>
    </ClInclude>
    <ClInclude Include="Jolt\Physics\Constraints\PointConstraint.h">
      <Filter>libraries\Jolt</Filter>
    </ClInclude>
    <ClInclude Include="Jolt\Physics\Constraints\PulleyConstraint.h">
      <Filter>libraries\Jolt</Filter>
    </ClInclude>
    <ClInclude Include="Jolt\Physics\Constraints\RackAndPinionConstraint.h">
      <Filter>libraries\Jolt</Filter>
    </ClInclude>
    <ClInclude Include="Jolt\Physics\Constraints\SixDOFConstraint.h">
      <Filter>libraries\Jolt</Filter>
    </ClInclude>
    <ClInclude Include="Jolt\Physics\Constraints\SliderConstraint.h">
      <Filter>libraries\Jolt</Filter>
    </ClInclude>
    <ClInclude Include="Jolt\Physics\Constraints\SpringSettings.h">
      <Filter>libraries\Jolt</Filter>
    </ClInclude>
    <ClInclude Include="Jolt\Physics\Constraints\SwingTwistConstraint.h">
      <Filter>libraries\Jolt</Filter>
    </ClInclude>
    <ClInclude Include="Jolt\Physics\Constraints\TwoBodyConstraint.h">
      <Filter>libraries\Jolt</Filter>
    </ClInclude>
    <ClInclude Include="Jolt\Physics\DeterminismLog.h">
      <Filter>libraries\Jolt</Filter>
    </ClInclude>
    <ClInclude Include="Jolt\Physics\EActivation.h">
      <Filter>libraries\Jolt</Filter>
    </ClInclude>
    <ClInclude Include="Jolt\Physics\EPhysicsUpdateError.h">
      <Filter>libraries\Jolt</Filter>
    </ClInclude>
    <ClInclude Include="Jolt\Physics\IslandBuilder.h">
      <Filter>libraries\Jolt</Filter>
    </ClInclude>
    <ClInclude Include="Jolt\Physics\LargeIslandSplitter.h">
      <Filter>libraries\Jolt</Filter>
    </ClInclude>
    <ClInclude Include="Jolt\Physics\PhysicsLock.h">
      <Filter>libraries\Jolt</Filter>
    </ClInclude>
    <ClInclude Include="Jolt\Physics\PhysicsScene.h">
      <Filter>libraries\Jolt</Filter>
    </ClInclude>
    <ClInclude Include="Jolt\Physics\PhysicsSettings.h">
      <Filter>libraries\Jolt</Filter>
    </ClInclude>
    <ClInclude Include="Jolt\Physics\PhysicsStepListener.h">
      <Filter>libraries\Jolt</Filter>
    </ClInclude>
    <ClInclude Include="Jolt\Physics\PhysicsSystem.h">
      <Filter>libraries\Jolt</Filter>
    </ClInclude>
    <ClInclude Include="Jolt\Physics\PhysicsUpdateContext.h">
      <Filter>libraries\Jolt</Filter>
    </ClInclude>
    <ClInclude Include="Jolt\Physics\Ragdoll\Ragdoll.h">
      <Filter>libraries\Jolt</Filter>
    </ClInclude>
    <ClInclude Include="Jolt\Physics\SoftBody\SoftBodyContactListener.h">
      <Filter>libraries\Jolt</Filter>
    </ClInclude>
    <ClInclude Include="Jolt\Physics\SoftBody\SoftBodyCreationSettings.h">
      <Filter>libraries\Jolt</Filter>
    </ClInclude>
    <ClInclude Include="Jolt\Physics\SoftBody\SoftBodyManifold.h">
      <Filter>libraries\Jolt</Filter>
    </ClInclude>
    <ClInclude Include="Jolt\Physics\SoftBody\SoftBodyMotionProperties.h">
      <Filter>libraries\Jolt</Filter>
    </ClInclude>
    <ClInclude Include="Jolt\Physics\SoftBody\SoftBodyShape.h">
      <Filter>libraries\Jolt</Filter>
    </ClInclude>
    <ClInclude Include="Jolt\Physics\SoftBody\SoftBodySharedSettings.h">
      <Filter>libraries\Jolt</Filter>
    </ClInclude>
    <ClInclude Include="Jolt\Physics\SoftBody\SoftBodyUpdateContext.h">
      <Filter>libraries\Jolt</Filter>
    </ClInclude>
    <ClInclude Include="Jolt\Physics\SoftBody\SoftBodyVertex.h">
      <Filter>libraries\Jolt</Filter>
    </ClInclude>
    <ClInclude Include="Jolt\Physics\StateRecorder.h">
      <Filter>libraries\Jolt</Filter>
    </ClInclude>
    <ClInclude Include="Jolt\Physics\StateRecorderImpl.h">
      <Filter>libraries\Jolt</Filter>
    </ClInclude>
    <ClInclude Include="Jolt\Physics\Vehicle\MotorcycleController.h">
      <Filter>libraries\Jolt</Filter>
    </ClInclude>
    <ClInclude Include="Jolt\Physics\Vehicle\TrackedVehicleController.h">
      <Filter>libraries\Jolt</Filter>
    </ClInclude>
    <ClInclude Include="Jolt\Physics\Vehicle\VehicleAntiRollBar.h">
      <Filter>libraries\Jolt</Filter>
    </ClInclude>
    <ClInclude Include="Jolt\Physics\Vehicle\VehicleCollisionTester.h">
      <Filter>libraries\Jolt</Filter>
    </ClInclude>
    <ClInclude Include="Jolt\Physics\Vehicle\VehicleConstraint.h">
      <Filter>libraries\Jolt</Filter>
    </ClInclude>
    <ClInclude Include="Jolt\Physics\Vehicle\VehicleController.h">
      <Filter>libraries\Jolt</Filter>
    </ClInclude>
    <ClInclude Include="Jolt\Physics\Vehicle\VehicleDifferential.h">
      <Filter>libraries\Jolt</Filter>
    </ClInclude>
    <ClInclude Include="Jolt\Physics\Vehicle\VehicleEngine.h">
      <Filter>libraries\Jolt</Filter>
    </ClInclude>
    <ClInclude Include="Jolt\Physics\Vehicle\VehicleTrack.h">
      <Filter>libraries\Jolt</Filter>
    </ClInclude>
    <ClInclude Include="Jolt\Physics\Vehicle\VehicleTransmission.h">
      <Filter>libraries\Jolt</Filter>
    </ClInclude>
    <ClInclude Include="Jolt\Physics\Vehicle\Wheel.h">
      <Filter>libraries\Jolt</Filter>
    </ClInclude>
    <ClInclude Include="Jolt\Physics\Vehicle\WheeledVehicleController.h">
      <Filter>libraries\Jolt</Filter>
    </ClInclude>
    <ClInclude Include="Jolt\Renderer\DebugRenderer.h">
      <Filter>libraries\Jolt</Filter>
    </ClInclude>
    <ClInclude Include="Jolt\Renderer\DebugRendererPlayback.h">
      <Filter>libraries\Jolt</Filter>
    </ClInclude>
    <ClInclude Include="Jolt\Renderer\DebugRendererRecorder.h">
      <Filter>libraries\Jolt</Filter>
    </ClInclude>
    <ClInclude Include="Jolt\Renderer\DebugRendererSimple.h">
      <Filter>libraries\Jolt</Filter>
    </ClInclude>
    <ClInclude Include="Jolt\Skeleton\SkeletalAnimation.h">
      <Filter>libraries\Jolt</Filter>
    </ClInclude>
    <ClInclude Include="Jolt\Skeleton\Skeleton.h">
      <Filter>libraries\Jolt</Filter>
    </ClInclude>
    <ClInclude Include="Jolt\Skeleton\SkeletonMapper.h">
      <Filter>libraries\Jolt</Filter>
    </ClInclude>
    <ClInclude Include="Jolt\Skeleton\SkeletonPose.h">
      <Filter>libraries\Jolt</Filter>
    </ClInclude>
    <ClInclude Include="Jolt\TriangleSplitter\TriangleSplitter.h">
      <Filter>libraries\Jolt</Filter>
    </ClInclude>
    <ClInclude Include="Jolt\TriangleSplitter\TriangleSplitterBinning.h">
      <Filter>libraries\Jolt</Filter>
    </ClInclude>
    <ClInclude Include="Jolt\TriangleSplitter\TriangleSplitterMean.h">
      <Filter>libraries\Jolt</Filter>
    </ClInclude>
    <ClInclude Include="Jolt\ConfigurationString.h">
      <Filter>libraries\Jolt</Filter>
    </ClInclude>
    <ClInclude Include="Jolt\Jolt.h">
      <Filter>libraries\Jolt</Filter>
    </ClInclude>
    <ClInclude Include="Jolt\RegisterTypes.h">
      <Filter>libraries\Jolt</Filter>
    </ClInclude>
    <ClInclude Include="Jolt\AABBTree\AABBTreeBuilder.h">
      <Filter>libraries\Jolt</Filter>
    </ClInclude>
    <ClInclude Include="Jolt\AABBTree\AABBTreeToBuffer.h">
      <Filter>libraries\Jolt</Filter>
    </ClInclude>
    <ClInclude Include="Jolt\AABBTree\NodeCodec\NodeCodecQuadTreeHalfFloat.h">
      <Filter>libraries\Jolt</Filter>
    </ClInclude>
    <ClInclude Include="Jolt\AABBTree\TriangleCodec\TriangleCodecIndexed8BitPackSOA4Flags.h">
      <Filter>libraries\Jolt</Filter>
    </ClInclude>
    <ClInclude Include="Jolt\Core\ARMNeon.h">
      <Filter>libraries\Jolt</Filter>
    </ClInclude>
    <ClInclude Include="Jolt\Core\Array.h">
      <Filter>libraries\Jolt</Filter>
    </ClInclude>
    <ClInclude Include="Jolt\Core\Atomics.h">
      <Filter>libraries\Jolt</Filter>
    </ClInclude>
    <ClInclude Include="Jolt\Core\BinaryHeap.h">
      <Filter>libraries\Jolt</Filter>
    </ClInclude>
    <ClInclude Include="Jolt\Core\ByteBuffer.h">
      <Filter>libraries\Jolt</Filter>
    </ClInclude>
    <ClInclude Include="Jolt\Core\Color.h">
      <Filter>libraries\Jolt</Filter>
    </ClInclude>
    <ClInclude Include="Jolt\Core\Core.h">
      <Filter>libraries\Jolt</Filter>
    </ClInclude>
    <ClInclude Include="Jolt\Core\Factory.h">
      <Filter>libraries\Jolt</Filter>
    </ClInclude>
    <ClInclude Include="Jolt\Core\FixedSizeFreeList.h">
      <Filter>libraries\Jolt</Filter>
    </ClInclude>
    <ClInclude Include="Jolt\Core\FPControlWord.h">
      <Filter>libraries\Jolt</Filter>
    </ClInclude>
    <ClInclude Include="Jolt\Core\FPException.h">
      <Filter>libraries\Jolt</Filter>
    </ClInclude>
    <ClInclude Include="Jolt\Core\FPFlushDenormals.h">
      <Filter>libraries\Jolt</Filter>
    </ClInclude>
    <ClInclude Include="Jolt\Core\HashCombine.h">
      <Filter>libraries\Jolt</Filter>
    </ClInclude>
    <ClInclude Include="Jolt\Core\HashTable.h">
      <Filter>libraries\Jolt</Filter>
    </ClInclude>
    <ClInclude Include="Jolt\Core\InsertionSort.h">
      <Filter>libraries\Jolt</Filter>
    </ClInclude>
    <ClInclude Include="Jolt\Core\IssueReporting.h">
      <Filter>libraries\Jolt</Filter>
    </ClInclude>
    <ClInclude Include="Jolt\Core\JobSystem.h">
      <Filter>libraries\Jolt</Filter>
    </ClInclude>
    <ClInclude Include="Jolt\Core\JobSystemSingleThreaded.h">
      <Filter>libraries\Jolt</Filter>
    </ClInclude>
    <ClInclude Include="Jolt\Core\JobSystemThreadPool.h">
      <Filter>libraries\Jolt</Filter>
    </ClInclude>
    <ClInclude Include="Jolt\Core\JobSystemWithBarrier.h">
      <Filter>libraries\Jolt</Filter>
    </ClInclude>
    <ClInclude Include="Jolt\Core\LinearCurve.h">
      <Filter>libraries\Jolt</Filter>
    </ClInclude>
    <ClInclude Include="Jolt\Core\LockFreeHashMap.h">
      <Filter>libraries\Jolt</Filter>
    </ClInclude>
    <ClInclude Include="Jolt\Core\Memory.h">
      <Filter>libraries\Jolt</Filter>
    </ClInclude>
    <ClInclude Include="Jolt\Core\Mutex.h">
      <Filter>libraries\Jolt</Filter>
    </ClInclude>
    <ClInclude Include="Jolt\Core\MutexArray.h">
      <Filter>libraries\Jolt</Filter>
    </ClInclude>
    <ClInclude Include="Jolt\Core\NonCopyable.h">
      <Filter>libraries\Jolt</Filter>
    </ClInclude>
    <ClInclude Include="Jolt\Core\Profiler.h">
      <Filter>libraries\Jolt</Filter>
    </ClInclude>
    <ClInclude Include="Jolt\Core\QuickSort.h">
      <Filter>libraries\Jolt</Filter>
    </ClInclude>
    <ClInclude Include="Jolt\Core\Reference.h">
      <Filter>libraries\Jolt</Filter>
    </ClInclude>
    <ClInclude Include="Jolt\Core\Result.h">
      <Filter>libraries\Jolt</Filter>
    </ClInclude>
    <ClInclude Include="Jolt\Core\RTTI.h">
      <Filter>libraries\Jolt</Filter>
    </ClInclude>
    <ClInclude Include="Jolt\Core\ScopeExit.h">
      <Filter>libraries\Jolt</Filter>
    </ClInclude>
    <ClInclude Include="Jolt\Core\Semaphore.h">
      <Filter>libraries\Jolt</Filter>
    </ClInclude>
    <ClInclude Include="Jolt\Core\StaticArray.h">
      <Filter>libraries\Jolt</Filter>
    </ClInclude>
    <ClInclude Include="Jolt\Core\STLAlignedAllocator.h">
      <Filter>libraries\Jolt</Filter>
    </ClInclude>
    <ClInclude Include="Jolt\Core\STLAllocator.h">
      <Filter>libraries\Jolt</Filter>
    </ClInclude>
    <ClInclude Include="Jolt\Core\STLLocalAllocator.h">
      <Filter>libraries\Jolt</Filter>
    </ClInclude>
    <ClInclude Include="Jolt\Core\STLTempAllocator.h">
      <Filter>libraries\Jolt</Filter>
    </ClInclude>
    <ClInclude Include="Jolt\Core\StreamIn.h">
      <Filter>libraries\Jolt</Filter>
    </ClInclude>
    <ClInclude Include="Jolt\Core\StreamOut.h">
      <Filter>libraries\Jolt</Filter>
    </ClInclude>
    <ClInclude Include="Jolt\Core\StreamUtils.h">
      <Filter>libraries\Jolt</Filter>
    </ClInclude>
    <ClInclude Include="Jolt\Core\StreamWrapper.h">
      <Filter>libraries\Jolt</Filter>
    </ClInclude>
    <ClInclude Include="Jolt\Core\StridedPtr.h">
      <Filter>libraries\Jolt</Filter>
    </ClInclude>
    <ClInclude Include="Jolt\Core\StringTools.h">
      <Filter>libraries\Jolt</Filter>
    </ClInclude>
    <ClInclude Include="Jolt\Core\TempAllocator.h">
      <Filter>libraries\Jolt</Filter>
    </ClInclude>
    <ClInclude Include="Jolt\Core\TickCounter.h">
      <Filter>libraries\Jolt</Filter>
    </ClInclude>
    <ClInclude Include="Jolt\Core\UnorderedMap.h">
      <Filter>libraries\Jolt</Filter>
    </ClInclude>
    <ClInclude Include="Jolt\Core\UnorderedSet.h">
      <Filter>libraries\Jolt</Filter>
    </ClInclude>
    <ClInclude Include="Jolt\Geometry\AABox.h">
      <Filter>libraries\Jolt</Filter>
    </ClInclude>
    <ClInclude Include="Jolt\Geometry\AABox4.h">
      <Filter>libraries\Jolt</Filter>
    </ClInclude>
    <ClInclude Include="Jolt\Geometry\ClipPoly.h">
      <Filter>libraries\Jolt</Filter>
    </ClInclude>
    <ClInclude Include="Jolt\Geometry\ClosestPoint.h">
      <Filter>libraries\Jolt</Filter>
    </ClInclude>
    <ClInclude Include="Jolt\Geometry\ConvexHullBuilder.h">
      <Filter>libraries\Jolt</Filter>
    </ClInclude>
    <ClInclude Include="Jolt\Geometry\ConvexHullBuilder2D.h">
      <Filter>libraries\Jolt</Filter>
    </ClInclude>
    <ClInclude Include="Jolt\Geometry\ConvexSupport.h">
      <Filter>libraries\Jolt</Filter>
    </ClInclude>
    <ClInclude Include="Jolt\Geometry\Ellipse.h">
      <Filter>libraries\Jolt</Filter>
    </ClInclude>
    <ClInclude Include="Jolt\Geometry\EPAConvexHullBuilder.h">
      <Filter>libraries\Jolt</Filter>
    </ClInclude>
    <ClInclude Include="Jolt\Geometry\EPAPenetrationDepth.h">
      <Filter>libraries\Jolt</Filter>
    </ClInclude>
    <ClInclude Include="Jolt\Geometry\GJKClosestPoint.h">
      <Filter>libraries\Jolt</Filter>
    </ClInclude>
    <ClInclude Include="Jolt\Geometry\IndexedTriangle.h">
      <Filter>libraries\Jolt</Filter>
    </ClInclude>
    <ClInclude Include="Jolt\Geometry\Indexify.h">
      <Filter>libraries\Jolt</Filter>
    </ClInclude>
    <ClInclude Include="Jolt\Geometry\MortonCode.h">
      <Filter>libraries\Jolt</Filter>
    </ClInclude>
    <ClInclude Include="Jolt\Geometry\OrientedBox.h">
      <Filter>libraries\Jolt</Filter>
    </ClInclude>
    <ClInclude Include="Jolt\Geometry\Plane.h">
      <Filter>libraries\Jolt</Filter>
    </ClInclude>
    <ClInclude Include="Jolt\Geometry\RayAABox.h">
      <Filter>libraries\Jolt</Filter>
    </ClInclude>
    <ClInclude Include="Jolt\Geometry\RayCapsule.h">
      <Filter>libraries\Jolt</Filter>
    </ClInclude>
    <ClInclude Include="Jolt\Geometry\RayCylinder.h">
      <Filter>libraries\Jolt</Filter>
    </ClInclude>
    <ClInclude Include="Jolt\Geometry\RaySphere.h">
      <Filter>libraries\Jolt</Filter>
    </ClInclude>
    <ClInclude Include="Jolt\Geometry\RayTriangle.h">
      <Filter>libraries\Jolt</Filter>
    </ClInclude>
    <ClInclude Include="Jolt\Geometry\Sphere.h">
      <Filter>libraries\Jolt</Filter>
    </ClInclude>
    <ClInclude Include="Jolt\Geometry\Triangle.h">
      <Filter>libraries\Jolt</Filter>
    </ClInclude>
    <ClInclude Include="stamp\network\define.h">
      <Filter>libraries\stamp\network</Filter>
    </ClInclude>
    <ClInclude Include="stamp\state.h">
      <Filter>libraries\stamp</Filter>
    </ClInclude>
    <ClInclude Include="stamp\event.h">
      <Filter>libraries\stamp</Filter>
    </ClInclude>
    <ClInclude Include="stamp\core\os\windows\win32hid.h">
      <Filter>libraries\stamp\core\os\win32</Filter>
    </ClInclude>
    <ClInclude Include="stamp\core\os\windows\define.h">
      <Filter>libraries\stamp\core\os\win32</Filter>
    </ClInclude>
    <ClInclude Include="stamp\hid\focusgroup.h">
      <Filter>libraries\stamp\hid</Filter>
    </ClInclude>
    <ClInclude Include="stamp\math\alignment.h">
      <Filter>libraries\stamp\math</Filter>
    </ClInclude>
    <ClInclude Include="stamp\core\time.h">
      <Filter>libraries\stamp\core</Filter>
    </ClInclude>
    <ClInclude Include="stamp\graphics\gl\mesh.h">
      <Filter>libraries\stamp\graphics\gl</Filter>
    </ClInclude>
    <ClInclude Include="stamp\graphics\gl\rawmesh.h">
      <Filter>libraries\stamp\graphics\gl</Filter>
    </ClInclude>
    <ClInclude Include="stamp\graphics\gl\shader.h">
      <Filter>libraries\stamp\graphics\gl</Filter>
    </ClInclude>
    <ClInclude Include="stamp\graphics\gl\define.h">
      <Filter>libraries\stamp\graphics\gl</Filter>
    </ClInclude>
    <ClInclude Include="gl\glm.h">
      <Filter>libraries\gl</Filter>
    </ClInclude>
    <ClInclude Include="stamp\core\iterator_extension.h">
      <Filter>libraries\stamp\core</Filter>
    </ClInclude>
    <ClInclude Include="stamp\graphics\color.h">
      <Filter>libraries\stamp\graphics</Filter>
    </ClInclude>
  </ItemGroup>
  <ItemGroup>
    <None Include="resources\script\test.lua">
      <Filter>Script Files</Filter>
    </None>
    <None Include="Jolt\Math\BVec16.inl">
      <Filter>libraries\Jolt</Filter>
    </None>
    <None Include="Jolt\Math\DMat44.inl">
      <Filter>libraries\Jolt</Filter>
    </None>
    <None Include="Jolt\Math\DVec3.inl">
      <Filter>libraries\Jolt</Filter>
    </None>
    <None Include="Jolt\Math\Mat44.inl">
      <Filter>libraries\Jolt</Filter>
    </None>
    <None Include="Jolt\Math\Quat.inl">
      <Filter>libraries\Jolt</Filter>
    </None>
    <None Include="Jolt\Math\UVec4.inl">
      <Filter>libraries\Jolt</Filter>
    </None>
    <None Include="Jolt\Math\Vec3.inl">
      <Filter>libraries\Jolt</Filter>
    </None>
    <None Include="Jolt\Math\Vec4.inl">
      <Filter>libraries\Jolt</Filter>
    </None>
    <None Include="Jolt\Physics\Body\Body.inl">
      <Filter>libraries\Jolt</Filter>
    </None>
    <None Include="Jolt\Physics\Body\MotionProperties.inl">
      <Filter>libraries\Jolt</Filter>
    </None>
    <None Include="Jolt\Jolt.cmake">
      <Filter>libraries\Jolt</Filter>
    </None>
    <None Include="Jolt\LICENSE">
      <Filter>libraries\Jolt</Filter>
    </None>
    <None Include="Jolt\Core\FixedSizeFreeList.inl">
      <Filter>libraries\Jolt</Filter>
    </None>
    <None Include="Jolt\Core\JobSystem.inl">
      <Filter>libraries\Jolt</Filter>
    </None>
    <None Include="Jolt\Core\LockFreeHashMap.inl">
      <Filter>libraries\Jolt</Filter>
    </None>
    <None Include="Jolt\Core\Profiler.inl">
      <Filter>libraries\Jolt</Filter>
    </None>
    <None Include="packages.config" />
    <None Include="stamp\debug.h">
      <Filter>libraries\stamp</Filter>
    </None>
  </ItemGroup>
  <ItemGroup>
    <Natvis Include="Jolt\Jolt.natvis">
      <Filter>libraries\Jolt</Filter>
    </Natvis>
  </ItemGroup>
</Project>