<?xml version="1.0" encoding="utf-8"?>
<Project ToolsVersion="4.0" xmlns="http://schemas.microsoft.com/developer/msbuild/2003">
  <ItemGroup>
    <Filter Include="Resource Files">
      <UniqueIdentifier>{67DA6AB6-F800-4c08-8B7A-83BB121AAD01}</UniqueIdentifier>
      <Extensions>rc;ico;cur;bmp;dlg;rc2;rct;bin;rgs;gif;jpg;jpeg;jpe;resx;tiff;tif;png;wav;mfcribbon-ms</Extensions>
    </Filter>
    <Filter Include="Game">
      <UniqueIdentifier>{4FC737F1-C7A5-4376-A066-2A32D752A2FF}</UniqueIdentifier>
      <Extensions>cpp;c;cc;cxx;c++;cppm;ixx;def;odl;idl;hpj;bat;asm;asmx</Extensions>
    </Filter>
    <Filter Include="Engine">
      <UniqueIdentifier>{93995380-89BD-4b04-88EB-625FBE52EBFB}</UniqueIdentifier>
      <Extensions>h;hh;hpp;hxx;h++;hm;inl;inc;ipp;xsd</Extensions>
    </Filter>
    <Filter Include="Engine\GLM">
      <UniqueIdentifier>{ccecc3a3-5339-4acc-a6cd-c2428a68c819}</UniqueIdentifier>
    </Filter>
    <Filter Include="Engine\StampEngine">
      <UniqueIdentifier>{7d9a95de-bee1-482d-a50f-28b40e5b8114}</UniqueIdentifier>
    </Filter>
    <Filter Include="Engine\LUA">
      <UniqueIdentifier>{6387588f-1a7e-44e0-9bfe-bb885d86a388}</UniqueIdentifier>
    </Filter>
  </ItemGroup>
  <ItemGroup>
    <ClInclude Include="glm.h">
      <Filter>Engine\GLM</Filter>
    </ClInclude>
    <ClInclude Include="debug.h">
      <Filter>Engine\StampEngine</Filter>
    </ClInclude>
    <ClInclude Include="eventlistener.hpp">
      <Filter>Engine\StampEngine</Filter>
    </ClInclude>
    <ClInclude Include="lua\lua.h">
      <Filter>Engine\LUA</Filter>
    </ClInclude>
    <ClInclude Include="lua\lua.hpp">
      <Filter>Engine\LUA</Filter>
    </ClInclude>
    <ClInclude Include="lua\luaconf.h">
      <Filter>Engine\LUA</Filter>
    </ClInclude>
    <ClInclude Include="lua\lualib.h">
      <Filter>Engine\LUA</Filter>
    </ClInclude>
    <ClInclude Include="lua\lundump.h">
      <Filter>Engine\LUA</Filter>
    </ClInclude>
    <ClInclude Include="lua\lvm.h">
      <Filter>Engine\LUA</Filter>
    </ClInclude>
    <ClInclude Include="lua\lzio.h">
      <Filter>Engine\LUA</Filter>
    </ClInclude>
    <ClInclude Include="lua\lapi.h">
      <Filter>Engine\LUA</Filter>
    </ClInclude>
    <ClInclude Include="lua\lauxlib.h">
      <Filter>Engine\LUA</Filter>
    </ClInclude>
    <ClInclude Include="lua\lcode.h">
      <Filter>Engine\LUA</Filter>
    </ClInclude>
    <ClInclude Include="lua\lctype.h">
      <Filter>Engine\LUA</Filter>
    </ClInclude>
    <ClInclude Include="lua\ldebug.h">
      <Filter>Engine\LUA</Filter>
    </ClInclude>
    <ClInclude Include="lua\ldo.h">
      <Filter>Engine\LUA</Filter>
    </ClInclude>
    <ClInclude Include="lua\lfunc.h">
      <Filter>Engine\LUA</Filter>
    </ClInclude>
    <ClInclude Include="lua\lgc.h">
      <Filter>Engine\LUA</Filter>
    </ClInclude>
    <ClInclude Include="lua\ljumptab.h">
      <Filter>Engine\LUA</Filter>
    </ClInclude>
    <ClInclude Include="lua\llex.h">
      <Filter>Engine\LUA</Filter>
    </ClInclude>
    <ClInclude Include="lua\llimits.h">
      <Filter>Engine\LUA</Filter>
    </ClInclude>
    <ClInclude Include="lua\lmem.h">
      <Filter>Engine\LUA</Filter>
    </ClInclude>
    <ClInclude Include="lua\lobject.h">
      <Filter>Engine\LUA</Filter>
    </ClInclude>
    <ClInclude Include="lua\lopcodes.h">
      <Filter>Engine\LUA</Filter>
    </ClInclude>
    <ClInclude Include="lua\lopnames.h">
      <Filter>Engine\LUA</Filter>
    </ClInclude>
    <ClInclude Include="lua\lparser.h">
      <Filter>Engine\LUA</Filter>
    </ClInclude>
    <ClInclude Include="lua\lprefix.h">
      <Filter>Engine\LUA</Filter>
    </ClInclude>
    <ClInclude Include="lua\lstate.h">
      <Filter>Engine\LUA</Filter>
    </ClInclude>
    <ClInclude Include="lua\lstring.h">
      <Filter>Engine\LUA</Filter>
    </ClInclude>
    <ClInclude Include="lua\ltable.h">
      <Filter>Engine\LUA</Filter>
    </ClInclude>
    <ClInclude Include="lua\ltm.h">
      <Filter>Engine\LUA</Filter>
    </ClInclude>
  </ItemGroup>
  <ItemGroup>
    <ClCompile Include="main.cpp">
      <Filter>Game</Filter>
    </ClCompile>
    <ClCompile Include="GLM.cpp">
      <Filter>Engine\GLM</Filter>
    </ClCompile>
    <ClCompile Include="SWM.ixx">
      <Filter>Engine\StampEngine</Filter>
    </ClCompile>
    <ClCompile Include="math.ixx">
      <Filter>Engine\StampEngine</Filter>
    </ClCompile>
    <ClCompile Include="render.ixx">
      <Filter>Engine\StampEngine</Filter>
    </ClCompile>
    <ClCompile Include="testScene.ixx">
      <Filter>Game</Filter>
    </ClCompile>
    <ClCompile Include="engine.ixx">
      <Filter>Engine\StampEngine</Filter>
    </ClCompile>
    <ClCompile Include="luamanager.ixx">
      <Filter>Engine\StampEngine</Filter>
    </ClCompile>
    <ClCompile Include="lua\lua.c">
      <Filter>Engine\LUA</Filter>
    </ClCompile>
    <ClCompile Include="lua\lundump.c">
      <Filter>Engine\LUA</Filter>
    </ClCompile>
    <ClCompile Include="lua\lutf8lib.c">
      <Filter>Engine\LUA</Filter>
    </ClCompile>
    <ClCompile Include="lua\lvm.c">
      <Filter>Engine\LUA</Filter>
    </ClCompile>
    <ClCompile Include="lua\lzio.c">
      <Filter>Engine\LUA</Filter>
    </ClCompile>
    <ClCompile Include="lua\lapi.c">
      <Filter>Engine\LUA</Filter>
    </ClCompile>
    <ClCompile Include="lua\lauxlib.c">
      <Filter>Engine\LUA</Filter>
    </ClCompile>
    <ClCompile Include="lua\lbaselib.c">
      <Filter>Engine\LUA</Filter>
    </ClCompile>
    <ClCompile Include="lua\lcode.c">
      <Filter>Engine\LUA</Filter>
    </ClCompile>
    <ClCompile Include="lua\lcorolib.c">
      <Filter>Engine\LUA</Filter>
    </ClCompile>
    <ClCompile Include="lua\lctype.c">
      <Filter>Engine\LUA</Filter>
    </ClCompile>
    <ClCompile Include="lua\ldblib.c">
      <Filter>Engine\LUA</Filter>
    </ClCompile>
    <ClCompile Include="lua\ldebug.c">
      <Filter>Engine\LUA</Filter>
    </ClCompile>
    <ClCompile Include="lua\ldo.c">
      <Filter>Engine\LUA</Filter>
    </ClCompile>
    <ClCompile Include="lua\ldump.c">
      <Filter>Engine\LUA</Filter>
    </ClCompile>
    <ClCompile Include="lua\lfunc.c">
      <Filter>Engine\LUA</Filter>
    </ClCompile>
    <ClCompile Include="lua\lgc.c">
      <Filter>Engine\LUA</Filter>
    </ClCompile>
    <ClCompile Include="lua\linit.c">
      <Filter>Engine\LUA</Filter>
    </ClCompile>
    <ClCompile Include="lua\liolib.c">
      <Filter>Engine\LUA</Filter>
    </ClCompile>
    <ClCompile Include="lua\llex.c">
      <Filter>Engine\LUA</Filter>
    </ClCompile>
    <ClCompile Include="lua\lmathlib.c">
      <Filter>Engine\LUA</Filter>
    </ClCompile>
    <ClCompile Include="lua\lmem.c">
      <Filter>Engine\LUA</Filter>
    </ClCompile>
    <ClCompile Include="lua\loadlib.c">
      <Filter>Engine\LUA</Filter>
    </ClCompile>
    <ClCompile Include="lua\lobject.c">
      <Filter>Engine\LUA</Filter>
    </ClCompile>
    <ClCompile Include="lua\lopcodes.c">
      <Filter>Engine\LUA</Filter>
    </ClCompile>
    <ClCompile Include="lua\loslib.c">
      <Filter>Engine\LUA</Filter>
    </ClCompile>
    <ClCompile Include="lua\lparser.c">
      <Filter>Engine\LUA</Filter>
    </ClCompile>
    <ClCompile Include="lua\lstate.c">
      <Filter>Engine\LUA</Filter>
    </ClCompile>
    <ClCompile Include="lua\lstring.c">
      <Filter>Engine\LUA</Filter>
    </ClCompile>
    <ClCompile Include="lua\lstrlib.c">
      <Filter>Engine\LUA</Filter>
    </ClCompile>
    <ClCompile Include="lua\ltable.c">
      <Filter>Engine\LUA</Filter>
    </ClCompile>
    <ClCompile Include="lua\ltablib.c">
      <Filter>Engine\LUA</Filter>
    </ClCompile>
    <ClCompile Include="lua\ltm.c">
      <Filter>Engine\LUA</Filter>
    </ClCompile>
  </ItemGroup>
  <ItemGroup>
    <None Include="lua\Makefile">
      <Filter>Engine\LUA</Filter>
    </None>
  </ItemGroup>
</Project>