<?xml version="1.0" encoding="utf-8"?>
<Project ToolsVersion="4.0" xmlns="http://schemas.microsoft.com/developer/msbuild/2003">
  <ItemGroup>
    <Filter Include="Source Files">
      <UniqueIdentifier>{4FC737F1-C7A5-4376-A066-2A32D752A2FF}</UniqueIdentifier>
      <Extensions>cpp;c;cc;cxx;c++;cppm;ixx;def;odl;idl;hpj;bat;asm;asmx</Extensions>
    </Filter>
    <Filter Include="Header Files">
      <UniqueIdentifier>{93995380-89BD-4b04-88EB-625FBE52EBFB}</UniqueIdentifier>
      <Extensions>h;hh;hpp;hxx;h++;hm;inl;inc;ipp;xsd</Extensions>
    </Filter>
    <Filter Include="Resource Files">
      <UniqueIdentifier>{67DA6AB6-F800-4c08-8B7A-83BB121AAD01}</UniqueIdentifier>
      <Extensions>rc;ico;cur;bmp;dlg;rc2;rct;bin;rgs;gif;jpg;jpeg;jpe;resx;tiff;tif;png;wav;mfcribbon-ms</Extensions>
    </Filter>
    <Filter Include="Source Files\windows">
      <UniqueIdentifier>{113401d0-9e19-4497-a1df-0a60efa9d053}</UniqueIdentifier>
    </Filter>
    <Filter Include="Source Files\manager">
      <UniqueIdentifier>{23f5938d-fb6a-4757-995f-ef5da687424b}</UniqueIdentifier>
    </Filter>
    <Filter Include="Source Files\math">
      <UniqueIdentifier>{97147030-69b1-4111-a776-69a57baa3a8a}</UniqueIdentifier>
    </Filter>
    <Filter Include="Source Files\Project">
      <UniqueIdentifier>{31c4f743-021a-4029-9062-d706947ef00d}</UniqueIdentifier>
    </Filter>
    <Filter Include="Header Files\manager">
      <UniqueIdentifier>{a606c52e-15a3-46e1-baa4-035d0a224082}</UniqueIdentifier>
    </Filter>
    <Filter Include="Header Files\math">
      <UniqueIdentifier>{7c4760bd-9737-4e29-86b3-feb70583e321}</UniqueIdentifier>
    </Filter>
    <Filter Include="Header Files\windows">
      <UniqueIdentifier>{9aba1063-bab8-4756-acf7-763900243e39}</UniqueIdentifier>
    </Filter>
    <Filter Include="Source Files\gl">
      <UniqueIdentifier>{d17328bb-979c-4d7c-bf95-c5592d10f0a1}</UniqueIdentifier>
    </Filter>
  </ItemGroup>
  <ItemGroup>
    <ClCompile Include="winmanager.cpp">
      <Filter>Source Files\windows</Filter>
    </ClCompile>
    <ClCompile Include="gamemanager.cpp">
      <Filter>Source Files\manager</Filter>
    </ClCompile>
    <ClCompile Include="math.cpp">
      <Filter>Source Files\math</Filter>
    </ClCompile>
    <ClCompile Include="gamecore.cpp">
      <Filter>Source Files\manager</Filter>
    </ClCompile>
    <ClCompile Include="Render.cpp">
      <Filter>Source Files\gl</Filter>
    </ClCompile>
    <ClCompile Include="Source.cpp">
      <Filter>Source Files\Project</Filter>
    </ClCompile>
    <ClCompile Include="Audio.cpp">
      <Filter>Source Files\manager</Filter>
    </ClCompile>
  </ItemGroup>
  <ItemGroup>
    <ClInclude Include="winevent.h">
      <Filter>Header Files\windows</Filter>
    </ClInclude>
    <ClInclude Include="wincore.h">
      <Filter>Header Files\windows</Filter>
    </ClInclude>
    <ClInclude Include="gamecore.h">
      <Filter>Header Files\manager</Filter>
    </ClInclude>
    <ClInclude Include="glvec.h">
      <Filter>Header Files\math</Filter>
    </ClInclude>
    <ClInclude Include="glmat.h">
      <Filter>Header Files\math</Filter>
    </ClInclude>
    <ClInclude Include="glquat.h">
      <Filter>Header Files\math</Filter>
    </ClInclude>
    <ClInclude Include="glrender.h">
      <Filter>Header Files\manager</Filter>
    </ClInclude>
    <ClInclude Include="filemanager.h">
      <Filter>Header Files\math</Filter>
    </ClInclude>
    <ClInclude Include="gl.h">
      <Filter>Header Files\manager</Filter>
    </ClInclude>
    <ClInclude Include="audio.h">
      <Filter>Header Files\windows</Filter>
    </ClInclude>
    <ClInclude Include="glmath.h">
      <Filter>Header Files\math</Filter>
    </ClInclude>
  </ItemGroup>
  <ItemGroup>
    <None Include="wininput.h">
      <Filter>Header Files\windows</Filter>
    </None>
  </ItemGroup>
  <ItemGroup>
    <Media Include="F:\OneDrive\Music\My Recordings\TEST.wav">
      <Filter>Header Files\manager</Filter>
    </Media>
  </ItemGroup>
</Project>