<?xml version="1.0" encoding="utf-8"?>
<Project ToolsVersion="4.0" xmlns="http://schemas.microsoft.com/developer/msbuild/2003">
  <ItemGroup>
    <Filter Include="Game">
      <UniqueIdentifier>{4FC737F1-C7A5-4376-A066-2A32D752A2FF}</UniqueIdentifier>
      <Extensions>cpp;c;cc;cxx;c++;cppm;ixx;def;odl;idl;hpj;bat;asm;asmx</Extensions>
    </Filter>
    <Filter Include="Engine">
      <UniqueIdentifier>{93995380-89BD-4b04-88EB-625FBE52EBFB}</UniqueIdentifier>
      <Extensions>h;hh;hpp;hxx;h++;hm;inl;inc;ipp;xsd</Extensions>
    </Filter>
    <Filter Include="Engine\GL">
      <UniqueIdentifier>{ad844960-9262-4021-a5d4-ea7d15e206b5}</UniqueIdentifier>
    </Filter>
    <Filter Include="Engine\StampEngine">
      <UniqueIdentifier>{ea97d77a-d805-48f5-a787-e6ea341378ae}</UniqueIdentifier>
    </Filter>
    <Filter Include="Engine\LUA">
      <UniqueIdentifier>{a2839e83-6f87-4903-b803-703cb5a339e2}</UniqueIdentifier>
    </Filter>
    <Filter Include="Economy">
      <UniqueIdentifier>{ca10d0a8-3be9-45c1-a60c-d2a4b290127e}</UniqueIdentifier>
    </Filter>
    <Filter Include="Network">
      <UniqueIdentifier>{bc4bf8c5-9bb1-4ee5-8afc-d7f14e8dd0cf}</UniqueIdentifier>
    </Filter>
    <Filter Include="AI">
      <UniqueIdentifier>{cbdbbb55-82b2-4dab-9214-7552ba4b3ef1}</UniqueIdentifier>
    </Filter>
    <Filter Include="Engine\Jolt">
      <UniqueIdentifier>{f389f7b2-7024-43c7-b411-be2639b0faa7}</UniqueIdentifier>
    </Filter>
  </ItemGroup>
  <ItemGroup>
    <ClCompile Include="main.ixx">
      <Filter>Game</Filter>
    </ClCompile>
    <ClCompile Include="testScene.ixx">
      <Filter>Game</Filter>
    </ClCompile>
    <ClCompile Include="GLM.cpp">
      <Filter>Engine\GL</Filter>
    </ClCompile>
    <ClCompile Include="engine.ixx">
      <Filter>Engine\StampEngine</Filter>
    </ClCompile>
    <ClCompile Include="gamerender.ixx">
      <Filter>Engine\StampEngine</Filter>
    </ClCompile>
    <ClCompile Include="math.ixx">
      <Filter>Engine\StampEngine</Filter>
    </ClCompile>
    <ClCompile Include="SWM.ixx">
      <Filter>Engine\StampEngine</Filter>
    </ClCompile>
    <ClCompile Include="Economy.ixx">
      <Filter>Economy</Filter>
    </ClCompile>
    <ClCompile Include="server.ixx">
      <Filter>Network</Filter>
    </ClCompile>
    <ClCompile Include="AI.ixx">
      <Filter>AI</Filter>
    </ClCompile>
    <ClCompile Include="WinManager.ixx">
      <Filter>Engine\StampEngine</Filter>
    </ClCompile>
    <ClCompile Include="SceneEditor.ixx">
      <Filter>Engine\StampEngine</Filter>
    </ClCompile>
    <ClCompile Include="lua\lcorolib.c">
      <Filter>Engine\LUA</Filter>
    </ClCompile>
    <ClCompile Include="lua\lctype.c">
      <Filter>Engine\LUA</Filter>
    </ClCompile>
    <ClCompile Include="lua\ldblib.c">
      <Filter>Engine\LUA</Filter>
    </ClCompile>
    <ClCompile Include="lua\ldebug.c">
      <Filter>Engine\LUA</Filter>
    </ClCompile>
    <ClCompile Include="lua\ldo.c">
      <Filter>Engine\LUA</Filter>
    </ClCompile>
    <ClCompile Include="lua\ldump.c">
      <Filter>Engine\LUA</Filter>
    </ClCompile>
    <ClCompile Include="lua\lfunc.c">
      <Filter>Engine\LUA</Filter>
    </ClCompile>
    <ClCompile Include="lua\lgc.c">
      <Filter>Engine\LUA</Filter>
    </ClCompile>
    <ClCompile Include="lua\linit.c">
      <Filter>Engine\LUA</Filter>
    </ClCompile>
    <ClCompile Include="lua\liolib.c">
      <Filter>Engine\LUA</Filter>
    </ClCompile>
    <ClCompile Include="lua\llex.c">
      <Filter>Engine\LUA</Filter>
    </ClCompile>
    <ClCompile Include="lua\lmathlib.c">
      <Filter>Engine\LUA</Filter>
    </ClCompile>
    <ClCompile Include="lua\lmem.c">
      <Filter>Engine\LUA</Filter>
    </ClCompile>
    <ClCompile Include="lua\loadlib.c">
      <Filter>Engine\LUA</Filter>
    </ClCompile>
    <ClCompile Include="lua\lobject.c">
      <Filter>Engine\LUA</Filter>
    </ClCompile>
    <ClCompile Include="lua\lopcodes.c">
      <Filter>Engine\LUA</Filter>
    </ClCompile>
    <ClCompile Include="lua\loslib.c">
      <Filter>Engine\LUA</Filter>
    </ClCompile>
    <ClCompile Include="lua\lparser.c">
      <Filter>Engine\LUA</Filter>
    </ClCompile>
    <ClCompile Include="lua\lstate.c">
      <Filter>Engine\LUA</Filter>
    </ClCompile>
    <ClCompile Include="lua\lstring.c">
      <Filter>Engine\LUA</Filter>
    </ClCompile>
    <ClCompile Include="lua\lstrlib.c">
      <Filter>Engine\LUA</Filter>
    </ClCompile>
    <ClCompile Include="lua\ltable.c">
      <Filter>Engine\LUA</Filter>
    </ClCompile>
    <ClCompile Include="lua\ltablib.c">
      <Filter>Engine\LUA</Filter>
    </ClCompile>
    <ClCompile Include="lua\ltm.c">
      <Filter>Engine\LUA</Filter>
    </ClCompile>
    <ClCompile Include="lua\lundump.c">
      <Filter>Engine\LUA</Filter>
    </ClCompile>
    <ClCompile Include="lua\lutf8lib.c">
      <Filter>Engine\LUA</Filter>
    </ClCompile>
    <ClCompile Include="lua\lvm.c">
      <Filter>Engine\LUA</Filter>
    </ClCompile>
    <ClCompile Include="lua\lzio.c">
      <Filter>Engine\LUA</Filter>
    </ClCompile>
    <ClCompile Include="lua\lapi.c">
      <Filter>Engine\LUA</Filter>
    </ClCompile>
    <ClCompile Include="lua\lauxlib.c">
      <Filter>Engine\LUA</Filter>
    </ClCompile>
    <ClCompile Include="lua\lbaselib.c">
      <Filter>Engine\LUA</Filter>
    </ClCompile>
    <ClCompile Include="lua\lcode.c">
      <Filter>Engine\LUA</Filter>
    </ClCompile>
    <ClCompile Include="Jolt\RegisterTypes.cpp">
      <Filter>Engine\Jolt</Filter>
    </ClCompile>
    <ClCompile Include="Jolt\AABBTree\AABBTreeBuilder.cpp">
      <Filter>Engine\Jolt</Filter>
    </ClCompile>
    <ClCompile Include="Jolt\Core\Color.cpp">
      <Filter>Engine\Jolt</Filter>
    </ClCompile>
    <ClCompile Include="Jolt\Core\Factory.cpp">
      <Filter>Engine\Jolt</Filter>
    </ClCompile>
    <ClCompile Include="Jolt\Core\IssueReporting.cpp">
      <Filter>Engine\Jolt</Filter>
    </ClCompile>
    <ClCompile Include="Jolt\Core\JobSystemSingleThreaded.cpp">
      <Filter>Engine\Jolt</Filter>
    </ClCompile>
    <ClCompile Include="Jolt\Core\JobSystemThreadPool.cpp">
      <Filter>Engine\Jolt</Filter>
    </ClCompile>
    <ClCompile Include="Jolt\Core\JobSystemWithBarrier.cpp">
      <Filter>Engine\Jolt</Filter>
    </ClCompile>
    <ClCompile Include="Jolt\Core\LinearCurve.cpp">
      <Filter>Engine\Jolt</Filter>
    </ClCompile>
    <ClCompile Include="Jolt\Core\Memory.cpp">
      <Filter>Engine\Jolt</Filter>
    </ClCompile>
    <ClCompile Include="Jolt\Core\Profiler.cpp">
      <Filter>Engine\Jolt</Filter>
    </ClCompile>
    <ClCompile Include="Jolt\Core\RTTI.cpp">
      <Filter>Engine\Jolt</Filter>
    </ClCompile>
    <ClCompile Include="Jolt\Core\Semaphore.cpp">
      <Filter>Engine\Jolt</Filter>
    </ClCompile>
    <ClCompile Include="Jolt\Core\StringTools.cpp">
      <Filter>Engine\Jolt</Filter>
    </ClCompile>
    <ClCompile Include="Jolt\Core\TickCounter.cpp">
      <Filter>Engine\Jolt</Filter>
    </ClCompile>
    <ClCompile Include="Jolt\Geometry\ConvexHullBuilder.cpp">
      <Filter>Engine\Jolt</Filter>
    </ClCompile>
    <ClCompile Include="Jolt\Geometry\ConvexHullBuilder2D.cpp">
      <Filter>Engine\Jolt</Filter>
    </ClCompile>
    <ClCompile Include="Jolt\Geometry\Indexify.cpp">
      <Filter>Engine\Jolt</Filter>
    </ClCompile>
    <ClCompile Include="Jolt\Geometry\OrientedBox.cpp">
      <Filter>Engine\Jolt</Filter>
    </ClCompile>
    <ClCompile Include="Jolt\Math\Vec3.cpp">
      <Filter>Engine\Jolt</Filter>
    </ClCompile>
    <ClCompile Include="Jolt\ObjectStream\ObjectStream.cpp">
      <Filter>Engine\Jolt</Filter>
    </ClCompile>
    <ClCompile Include="Jolt\ObjectStream\ObjectStreamBinaryIn.cpp">
      <Filter>Engine\Jolt</Filter>
    </ClCompile>
    <ClCompile Include="Jolt\ObjectStream\ObjectStreamBinaryOut.cpp">
      <Filter>Engine\Jolt</Filter>
    </ClCompile>
    <ClCompile Include="Jolt\ObjectStream\ObjectStreamIn.cpp">
      <Filter>Engine\Jolt</Filter>
    </ClCompile>
    <ClCompile Include="Jolt\ObjectStream\ObjectStreamOut.cpp">
      <Filter>Engine\Jolt</Filter>
    </ClCompile>
    <ClCompile Include="Jolt\ObjectStream\ObjectStreamTextIn.cpp">
      <Filter>Engine\Jolt</Filter>
    </ClCompile>
    <ClCompile Include="Jolt\ObjectStream\ObjectStreamTextOut.cpp">
      <Filter>Engine\Jolt</Filter>
    </ClCompile>
    <ClCompile Include="Jolt\ObjectStream\SerializableObject.cpp">
      <Filter>Engine\Jolt</Filter>
    </ClCompile>
    <ClCompile Include="Jolt\ObjectStream\TypeDeclarations.cpp">
      <Filter>Engine\Jolt</Filter>
    </ClCompile>
    <ClCompile Include="Jolt\Physics\Body\Body.cpp">
      <Filter>Engine\Jolt</Filter>
    </ClCompile>
    <ClCompile Include="Jolt\Physics\Body\BodyCreationSettings.cpp">
      <Filter>Engine\Jolt</Filter>
    </ClCompile>
    <ClCompile Include="Jolt\Physics\Body\BodyInterface.cpp">
      <Filter>Engine\Jolt</Filter>
    </ClCompile>
    <ClCompile Include="Jolt\Physics\Body\BodyManager.cpp">
      <Filter>Engine\Jolt</Filter>
    </ClCompile>
    <ClCompile Include="Jolt\Physics\Body\MassProperties.cpp">
      <Filter>Engine\Jolt</Filter>
    </ClCompile>
    <ClCompile Include="Jolt\Physics\Body\MotionProperties.cpp">
      <Filter>Engine\Jolt</Filter>
    </ClCompile>
    <ClCompile Include="Jolt\Physics\Character\Character.cpp">
      <Filter>Engine\Jolt</Filter>
    </ClCompile>
    <ClCompile Include="Jolt\Physics\Character\CharacterBase.cpp">
      <Filter>Engine\Jolt</Filter>
    </ClCompile>
    <ClCompile Include="Jolt\Physics\Character\CharacterVirtual.cpp">
      <Filter>Engine\Jolt</Filter>
    </ClCompile>
    <ClCompile Include="Jolt\Physics\Collision\BroadPhase\BroadPhase.cpp">
      <Filter>Engine\Jolt</Filter>
    </ClCompile>
    <ClCompile Include="Jolt\Physics\Collision\BroadPhase\BroadPhaseBruteForce.cpp">
      <Filter>Engine\Jolt</Filter>
    </ClCompile>
    <ClCompile Include="Jolt\Physics\Collision\BroadPhase\BroadPhaseQuadTree.cpp">
      <Filter>Engine\Jolt</Filter>
    </ClCompile>
    <ClCompile Include="Jolt\Physics\Collision\BroadPhase\QuadTree.cpp">
      <Filter>Engine\Jolt</Filter>
    </ClCompile>
    <ClCompile Include="Jolt\Physics\Collision\CastConvexVsTriangles.cpp">
      <Filter>Engine\Jolt</Filter>
    </ClCompile>
    <ClCompile Include="Jolt\Physics\Collision\CastSphereVsTriangles.cpp">
      <Filter>Engine\Jolt</Filter>
    </ClCompile>
    <ClCompile Include="Jolt\Physics\Collision\CollideConvexVsTriangles.cpp">
      <Filter>Engine\Jolt</Filter>
    </ClCompile>
    <ClCompile Include="Jolt\Physics\Collision\CollideSphereVsTriangles.cpp">
      <Filter>Engine\Jolt</Filter>
    </ClCompile>
    <ClCompile Include="Jolt\Physics\Collision\CollisionDispatch.cpp">
      <Filter>Engine\Jolt</Filter>
    </ClCompile>
    <ClCompile Include="Jolt\Physics\Collision\CollisionGroup.cpp">
      <Filter>Engine\Jolt</Filter>
    </ClCompile>
    <ClCompile Include="Jolt\Physics\Collision\EstimateCollisionResponse.cpp">
      <Filter>Engine\Jolt</Filter>
    </ClCompile>
    <ClCompile Include="Jolt\Physics\Collision\GroupFilter.cpp">
      <Filter>Engine\Jolt</Filter>
    </ClCompile>
    <ClCompile Include="Jolt\Physics\Collision\GroupFilterTable.cpp">
      <Filter>Engine\Jolt</Filter>
    </ClCompile>
    <ClCompile Include="Jolt\Physics\Collision\ManifoldBetweenTwoFaces.cpp">
      <Filter>Engine\Jolt</Filter>
    </ClCompile>
    <ClCompile Include="Jolt\Physics\Collision\NarrowPhaseQuery.cpp">
      <Filter>Engine\Jolt</Filter>
    </ClCompile>
    <ClCompile Include="Jolt\Physics\Collision\NarrowPhaseStats.cpp">
      <Filter>Engine\Jolt</Filter>
    </ClCompile>
    <ClCompile Include="Jolt\Physics\Collision\PhysicsMaterial.cpp">
      <Filter>Engine\Jolt</Filter>
    </ClCompile>
    <ClCompile Include="Jolt\Physics\Collision\PhysicsMaterialSimple.cpp">
      <Filter>Engine\Jolt</Filter>
    </ClCompile>
    <ClCompile Include="Jolt\Physics\Collision\Shape\BoxShape.cpp">
      <Filter>Engine\Jolt</Filter>
    </ClCompile>
    <ClCompile Include="Jolt\Physics\Collision\Shape\CapsuleShape.cpp">
      <Filter>Engine\Jolt</Filter>
    </ClCompile>
    <ClCompile Include="Jolt\Physics\Collision\Shape\CompoundShape.cpp">
      <Filter>Engine\Jolt</Filter>
    </ClCompile>
    <ClCompile Include="Jolt\Physics\Collision\Shape\ConvexHullShape.cpp">
      <Filter>Engine\Jolt</Filter>
    </ClCompile>
    <ClCompile Include="Jolt\Physics\Collision\Shape\ConvexShape.cpp">
      <Filter>Engine\Jolt</Filter>
    </ClCompile>
    <ClCompile Include="Jolt\Physics\Collision\Shape\CylinderShape.cpp">
      <Filter>Engine\Jolt</Filter>
    </ClCompile>
    <ClCompile Include="Jolt\Physics\Collision\Shape\DecoratedShape.cpp">
      <Filter>Engine\Jolt</Filter>
    </ClCompile>
    <ClCompile Include="Jolt\Physics\Collision\Shape\EmptyShape.cpp">
      <Filter>Engine\Jolt</Filter>
    </ClCompile>
    <ClCompile Include="Jolt\Physics\Collision\Shape\HeightFieldShape.cpp">
      <Filter>Engine\Jolt</Filter>
    </ClCompile>
    <ClCompile Include="Jolt\Physics\Collision\Shape\MeshShape.cpp">
      <Filter>Engine\Jolt</Filter>
    </ClCompile>
    <ClCompile Include="Jolt\Physics\Collision\Shape\MutableCompoundShape.cpp">
      <Filter>Engine\Jolt</Filter>
    </ClCompile>
    <ClCompile Include="Jolt\Physics\Collision\Shape\OffsetCenterOfMassShape.cpp">
      <Filter>Engine\Jolt</Filter>
    </ClCompile>
    <ClCompile Include="Jolt\Physics\Collision\Shape\PlaneShape.cpp">
      <Filter>Engine\Jolt</Filter>
    </ClCompile>
    <ClCompile Include="Jolt\Physics\Collision\Shape\RotatedTranslatedShape.cpp">
      <Filter>Engine\Jolt</Filter>
    </ClCompile>
    <ClCompile Include="Jolt\Physics\Collision\Shape\ScaledShape.cpp">
      <Filter>Engine\Jolt</Filter>
    </ClCompile>
    <ClCompile Include="Jolt\Physics\Collision\Shape\Shape.cpp">
      <Filter>Engine\Jolt</Filter>
    </ClCompile>
    <ClCompile Include="Jolt\Physics\Collision\Shape\SphereShape.cpp">
      <Filter>Engine\Jolt</Filter>
    </ClCompile>
    <ClCompile Include="Jolt\Physics\Collision\Shape\StaticCompoundShape.cpp">
      <Filter>Engine\Jolt</Filter>
    </ClCompile>
    <ClCompile Include="Jolt\Physics\Collision\Shape\TaperedCapsuleShape.cpp">
      <Filter>Engine\Jolt</Filter>
    </ClCompile>
    <ClCompile Include="Jolt\Physics\Collision\Shape\TaperedCylinderShape.cpp">
      <Filter>Engine\Jolt</Filter>
    </ClCompile>
    <ClCompile Include="Jolt\Physics\Collision\Shape\TriangleShape.cpp">
      <Filter>Engine\Jolt</Filter>
    </ClCompile>
    <ClCompile Include="Jolt\Physics\Collision\TransformedShape.cpp">
      <Filter>Engine\Jolt</Filter>
    </ClCompile>
    <ClCompile Include="Jolt\Physics\Constraints\ConeConstraint.cpp">
      <Filter>Engine\Jolt</Filter>
    </ClCompile>
    <ClCompile Include="Jolt\Physics\Constraints\Constraint.cpp">
      <Filter>Engine\Jolt</Filter>
    </ClCompile>
    <ClCompile Include="Jolt\Physics\Constraints\ConstraintManager.cpp">
      <Filter>Engine\Jolt</Filter>
    </ClCompile>
    <ClCompile Include="Jolt\Physics\Constraints\ContactConstraintManager.cpp">
      <Filter>Engine\Jolt</Filter>
    </ClCompile>
    <ClCompile Include="Jolt\Physics\Constraints\DistanceConstraint.cpp">
      <Filter>Engine\Jolt</Filter>
    </ClCompile>
    <ClCompile Include="Jolt\Physics\Constraints\FixedConstraint.cpp">
      <Filter>Engine\Jolt</Filter>
    </ClCompile>
    <ClCompile Include="Jolt\Physics\Constraints\GearConstraint.cpp">
      <Filter>Engine\Jolt</Filter>
    </ClCompile>
    <ClCompile Include="Jolt\Physics\Constraints\HingeConstraint.cpp">
      <Filter>Engine\Jolt</Filter>
    </ClCompile>
    <ClCompile Include="Jolt\Physics\Constraints\MotorSettings.cpp">
      <Filter>Engine\Jolt</Filter>
    </ClCompile>
    <ClCompile Include="Jolt\Physics\Constraints\PathConstraint.cpp">
      <Filter>Engine\Jolt</Filter>
    </ClCompile>
    <ClCompile Include="Jolt\Physics\Constraints\PathConstraintPath.cpp">
      <Filter>Engine\Jolt</Filter>
    </ClCompile>
    <ClCompile Include="Jolt\Physics\Constraints\PathConstraintPathHermite.cpp">
      <Filter>Engine\Jolt</Filter>
    </ClCompile>
    <ClCompile Include="Jolt\Physics\Constraints\PointConstraint.cpp">
      <Filter>Engine\Jolt</Filter>
    </ClCompile>
    <ClCompile Include="Jolt\Physics\Constraints\PulleyConstraint.cpp">
      <Filter>Engine\Jolt</Filter>
    </ClCompile>
    <ClCompile Include="Jolt\Physics\Constraints\RackAndPinionConstraint.cpp">
      <Filter>Engine\Jolt</Filter>
    </ClCompile>
    <ClCompile Include="Jolt\Physics\Constraints\SixDOFConstraint.cpp">
      <Filter>Engine\Jolt</Filter>
    </ClCompile>
    <ClCompile Include="Jolt\Physics\Constraints\SliderConstraint.cpp">
      <Filter>Engine\Jolt</Filter>
    </ClCompile>
    <ClCompile Include="Jolt\Physics\Constraints\SpringSettings.cpp">
      <Filter>Engine\Jolt</Filter>
    </ClCompile>
    <ClCompile Include="Jolt\Physics\Constraints\SwingTwistConstraint.cpp">
      <Filter>Engine\Jolt</Filter>
    </ClCompile>
    <ClCompile Include="Jolt\Physics\Constraints\TwoBodyConstraint.cpp">
      <Filter>Engine\Jolt</Filter>
    </ClCompile>
    <ClCompile Include="Jolt\Physics\DeterminismLog.cpp">
      <Filter>Engine\Jolt</Filter>
    </ClCompile>
    <ClCompile Include="Jolt\Physics\IslandBuilder.cpp">
      <Filter>Engine\Jolt</Filter>
    </ClCompile>
    <ClCompile Include="Jolt\Physics\LargeIslandSplitter.cpp">
      <Filter>Engine\Jolt</Filter>
    </ClCompile>
    <ClCompile Include="Jolt\Physics\PhysicsScene.cpp">
      <Filter>Engine\Jolt</Filter>
    </ClCompile>
    <ClCompile Include="Jolt\Physics\PhysicsSystem.cpp">
      <Filter>Engine\Jolt</Filter>
    </ClCompile>
    <ClCompile Include="Jolt\Physics\PhysicsUpdateContext.cpp">
      <Filter>Engine\Jolt</Filter>
    </ClCompile>
    <ClCompile Include="Jolt\Physics\Ragdoll\Ragdoll.cpp">
      <Filter>Engine\Jolt</Filter>
    </ClCompile>
    <ClCompile Include="Jolt\Physics\SoftBody\SoftBodyCreationSettings.cpp">
      <Filter>Engine\Jolt</Filter>
    </ClCompile>
    <ClCompile Include="Jolt\Physics\SoftBody\SoftBodyMotionProperties.cpp">
      <Filter>Engine\Jolt</Filter>
    </ClCompile>
    <ClCompile Include="Jolt\Physics\SoftBody\SoftBodyShape.cpp">
      <Filter>Engine\Jolt</Filter>
    </ClCompile>
    <ClCompile Include="Jolt\Physics\SoftBody\SoftBodySharedSettings.cpp">
      <Filter>Engine\Jolt</Filter>
    </ClCompile>
    <ClCompile Include="Jolt\Physics\StateRecorderImpl.cpp">
      <Filter>Engine\Jolt</Filter>
    </ClCompile>
    <ClCompile Include="Jolt\Physics\Vehicle\MotorcycleController.cpp">
      <Filter>Engine\Jolt</Filter>
    </ClCompile>
    <ClCompile Include="Jolt\Physics\Vehicle\TrackedVehicleController.cpp">
      <Filter>Engine\Jolt</Filter>
    </ClCompile>
    <ClCompile Include="Jolt\Physics\Vehicle\VehicleAntiRollBar.cpp">
      <Filter>Engine\Jolt</Filter>
    </ClCompile>
    <ClCompile Include="Jolt\Physics\Vehicle\VehicleCollisionTester.cpp">
      <Filter>Engine\Jolt</Filter>
    </ClCompile>
    <ClCompile Include="Jolt\Physics\Vehicle\VehicleConstraint.cpp">
      <Filter>Engine\Jolt</Filter>
    </ClCompile>
    <ClCompile Include="Jolt\Physics\Vehicle\VehicleController.cpp">
      <Filter>Engine\Jolt</Filter>
    </ClCompile>
    <ClCompile Include="Jolt\Physics\Vehicle\VehicleDifferential.cpp">
      <Filter>Engine\Jolt</Filter>
    </ClCompile>
    <ClCompile Include="Jolt\Physics\Vehicle\VehicleEngine.cpp">
      <Filter>Engine\Jolt</Filter>
    </ClCompile>
    <ClCompile Include="Jolt\Physics\Vehicle\VehicleTrack.cpp">
      <Filter>Engine\Jolt</Filter>
    </ClCompile>
    <ClCompile Include="Jolt\Physics\Vehicle\VehicleTransmission.cpp">
      <Filter>Engine\Jolt</Filter>
    </ClCompile>
    <ClCompile Include="Jolt\Physics\Vehicle\Wheel.cpp">
      <Filter>Engine\Jolt</Filter>
    </ClCompile>
    <ClCompile Include="Jolt\Physics\Vehicle\WheeledVehicleController.cpp">
      <Filter>Engine\Jolt</Filter>
    </ClCompile>
    <ClCompile Include="Jolt\Renderer\DebugRenderer.cpp">
      <Filter>Engine\Jolt</Filter>
    </ClCompile>
    <ClCompile Include="Jolt\Renderer\DebugRendererPlayback.cpp">
      <Filter>Engine\Jolt</Filter>
    </ClCompile>
    <ClCompile Include="Jolt\Renderer\DebugRendererRecorder.cpp">
      <Filter>Engine\Jolt</Filter>
    </ClCompile>
    <ClCompile Include="Jolt\Renderer\DebugRendererSimple.cpp">
      <Filter>Engine\Jolt</Filter>
    </ClCompile>
    <ClCompile Include="Jolt\Skeleton\SkeletalAnimation.cpp">
      <Filter>Engine\Jolt</Filter>
    </ClCompile>
    <ClCompile Include="Jolt\Skeleton\Skeleton.cpp">
      <Filter>Engine\Jolt</Filter>
    </ClCompile>
    <ClCompile Include="Jolt\Skeleton\SkeletonMapper.cpp">
      <Filter>Engine\Jolt</Filter>
    </ClCompile>
    <ClCompile Include="Jolt\Skeleton\SkeletonPose.cpp">
      <Filter>Engine\Jolt</Filter>
    </ClCompile>
    <ClCompile Include="Jolt\TriangleSplitter\TriangleSplitter.cpp">
      <Filter>Engine\Jolt</Filter>
    </ClCompile>
    <ClCompile Include="Jolt\TriangleSplitter\TriangleSplitterBinning.cpp">
      <Filter>Engine\Jolt</Filter>
    </ClCompile>
    <ClCompile Include="Jolt\TriangleSplitter\TriangleSplitterMean.cpp">
      <Filter>Engine\Jolt</Filter>
    </ClCompile>
    <ClCompile Include="Physics.ixx">
      <Filter>Engine\StampEngine</Filter>
    </ClCompile>
    <ClCompile Include="testPhysicsScene.ixx">
      <Filter>Game</Filter>
    </ClCompile>
    <ClCompile Include="VirtualDrive.ixx">
      <Filter>Engine\StampEngine</Filter>
    </ClCompile>
    <ClCompile Include="Game.ixx">
      <Filter>Game</Filter>
    </ClCompile>
    <ClCompile Include="ChemistrySimScene.ixx">
      <Filter>Game</Filter>
    </ClCompile>
  </ItemGroup>
  <ItemGroup>
    <ClInclude Include="debug.h">
      <Filter>Engine</Filter>
    </ClInclude>
    <ClInclude Include="glm.h">
      <Filter>Engine\GL</Filter>
    </ClInclude>
    <ClInclude Include="eventlistener.hpp">
      <Filter>Engine</Filter>
    </ClInclude>
    <ClInclude Include="getset.h">
      <Filter>Engine</Filter>
    </ClInclude>
    <ClInclude Include="lua\lctype.h">
      <Filter>Engine\LUA</Filter>
    </ClInclude>
    <ClInclude Include="lua\ldebug.h">
      <Filter>Engine\LUA</Filter>
    </ClInclude>
    <ClInclude Include="lua\ldo.h">
      <Filter>Engine\LUA</Filter>
    </ClInclude>
    <ClInclude Include="lua\lfunc.h">
      <Filter>Engine\LUA</Filter>
    </ClInclude>
    <ClInclude Include="lua\lgc.h">
      <Filter>Engine\LUA</Filter>
    </ClInclude>
    <ClInclude Include="lua\ljumptab.h">
      <Filter>Engine\LUA</Filter>
    </ClInclude>
    <ClInclude Include="lua\llex.h">
      <Filter>Engine\LUA</Filter>
    </ClInclude>
    <ClInclude Include="lua\llimits.h">
      <Filter>Engine\LUA</Filter>
    </ClInclude>
    <ClInclude Include="lua\lmem.h">
      <Filter>Engine\LUA</Filter>
    </ClInclude>
    <ClInclude Include="lua\lobject.h">
      <Filter>Engine\LUA</Filter>
    </ClInclude>
    <ClInclude Include="lua\lopcodes.h">
      <Filter>Engine\LUA</Filter>
    </ClInclude>
    <ClInclude Include="lua\lopnames.h">
      <Filter>Engine\LUA</Filter>
    </ClInclude>
    <ClInclude Include="lua\lparser.h">
      <Filter>Engine\LUA</Filter>
    </ClInclude>
    <ClInclude Include="lua\lprefix.h">
      <Filter>Engine\LUA</Filter>
    </ClInclude>
    <ClInclude Include="lua\lstate.h">
      <Filter>Engine\LUA</Filter>
    </ClInclude>
    <ClInclude Include="lua\lstring.h">
      <Filter>Engine\LUA</Filter>
    </ClInclude>
    <ClInclude Include="lua\ltable.h">
      <Filter>Engine\LUA</Filter>
    </ClInclude>
    <ClInclude Include="lua\ltm.h">
      <Filter>Engine\LUA</Filter>
    </ClInclude>
    <ClInclude Include="lua\lua.h">
      <Filter>Engine\LUA</Filter>
    </ClInclude>
    <ClInclude Include="lua\lua.hpp">
      <Filter>Engine\LUA</Filter>
    </ClInclude>
    <ClInclude Include="lua\luaconf.h">
      <Filter>Engine\LUA</Filter>
    </ClInclude>
    <ClInclude Include="lua\lualib.h">
      <Filter>Engine\LUA</Filter>
    </ClInclude>
    <ClInclude Include="lua\lundump.h">
      <Filter>Engine\LUA</Filter>
    </ClInclude>
    <ClInclude Include="lua\lvm.h">
      <Filter>Engine\LUA</Filter>
    </ClInclude>
    <ClInclude Include="lua\lzio.h">
      <Filter>Engine\LUA</Filter>
    </ClInclude>
    <ClInclude Include="lua\lapi.h">
      <Filter>Engine\LUA</Filter>
    </ClInclude>
    <ClInclude Include="lua\lauxlib.h">
      <Filter>Engine\LUA</Filter>
    </ClInclude>
    <ClInclude Include="lua\lcode.h">
      <Filter>Engine\LUA</Filter>
    </ClInclude>
    <ClInclude Include="Jolt\Jolt.h">
      <Filter>Engine\Jolt</Filter>
    </ClInclude>
    <ClInclude Include="Jolt\RegisterTypes.h">
      <Filter>Engine\Jolt</Filter>
    </ClInclude>
    <ClInclude Include="Jolt\AABBTree\AABBTreeBuilder.h">
      <Filter>Engine\Jolt</Filter>
    </ClInclude>
    <ClInclude Include="Jolt\AABBTree\AABBTreeToBuffer.h">
      <Filter>Engine\Jolt</Filter>
    </ClInclude>
    <ClInclude Include="Jolt\AABBTree\NodeCodec\NodeCodecQuadTreeHalfFloat.h">
      <Filter>Engine\Jolt</Filter>
    </ClInclude>
    <ClInclude Include="Jolt\AABBTree\TriangleCodec\TriangleCodecIndexed8BitPackSOA4Flags.h">
      <Filter>Engine\Jolt</Filter>
    </ClInclude>
    <ClInclude Include="Jolt\Core\ARMNeon.h">
      <Filter>Engine\Jolt</Filter>
    </ClInclude>
    <ClInclude Include="Jolt\Core\Array.h">
      <Filter>Engine\Jolt</Filter>
    </ClInclude>
    <ClInclude Include="Jolt\Core\Atomics.h">
      <Filter>Engine\Jolt</Filter>
    </ClInclude>
    <ClInclude Include="Jolt\Core\BinaryHeap.h">
      <Filter>Engine\Jolt</Filter>
    </ClInclude>
    <ClInclude Include="Jolt\Core\ByteBuffer.h">
      <Filter>Engine\Jolt</Filter>
    </ClInclude>
    <ClInclude Include="Jolt\Core\Color.h">
      <Filter>Engine\Jolt</Filter>
    </ClInclude>
    <ClInclude Include="Jolt\Core\Core.h">
      <Filter>Engine\Jolt</Filter>
    </ClInclude>
    <ClInclude Include="Jolt\Core\Factory.h">
      <Filter>Engine\Jolt</Filter>
    </ClInclude>
    <ClInclude Include="Jolt\Core\FixedSizeFreeList.h">
      <Filter>Engine\Jolt</Filter>
    </ClInclude>
    <ClInclude Include="Jolt\Core\FPControlWord.h">
      <Filter>Engine\Jolt</Filter>
    </ClInclude>
    <ClInclude Include="Jolt\Core\FPException.h">
      <Filter>Engine\Jolt</Filter>
    </ClInclude>
    <ClInclude Include="Jolt\Core\FPFlushDenormals.h">
      <Filter>Engine\Jolt</Filter>
    </ClInclude>
    <ClInclude Include="Jolt\Core\HashCombine.h">
      <Filter>Engine\Jolt</Filter>
    </ClInclude>
    <ClInclude Include="Jolt\Core\HashTable.h">
      <Filter>Engine\Jolt</Filter>
    </ClInclude>
    <ClInclude Include="Jolt\Core\InsertionSort.h">
      <Filter>Engine\Jolt</Filter>
    </ClInclude>
    <ClInclude Include="Jolt\Core\IssueReporting.h">
      <Filter>Engine\Jolt</Filter>
    </ClInclude>
    <ClInclude Include="Jolt\Core\JobSystem.h">
      <Filter>Engine\Jolt</Filter>
    </ClInclude>
    <ClInclude Include="Jolt\Core\JobSystemSingleThreaded.h">
      <Filter>Engine\Jolt</Filter>
    </ClInclude>
    <ClInclude Include="Jolt\Core\JobSystemThreadPool.h">
      <Filter>Engine\Jolt</Filter>
    </ClInclude>
    <ClInclude Include="Jolt\Core\JobSystemWithBarrier.h">
      <Filter>Engine\Jolt</Filter>
    </ClInclude>
    <ClInclude Include="Jolt\Core\LinearCurve.h">
      <Filter>Engine\Jolt</Filter>
    </ClInclude>
    <ClInclude Include="Jolt\Core\LockFreeHashMap.h">
      <Filter>Engine\Jolt</Filter>
    </ClInclude>
    <ClInclude Include="Jolt\Core\Memory.h">
      <Filter>Engine\Jolt</Filter>
    </ClInclude>
    <ClInclude Include="Jolt\Core\Mutex.h">
      <Filter>Engine\Jolt</Filter>
    </ClInclude>
    <ClInclude Include="Jolt\Core\MutexArray.h">
      <Filter>Engine\Jolt</Filter>
    </ClInclude>
    <ClInclude Include="Jolt\Core\NonCopyable.h">
      <Filter>Engine\Jolt</Filter>
    </ClInclude>
    <ClInclude Include="Jolt\Core\Profiler.h">
      <Filter>Engine\Jolt</Filter>
    </ClInclude>
    <ClInclude Include="Jolt\Core\QuickSort.h">
      <Filter>Engine\Jolt</Filter>
    </ClInclude>
    <ClInclude Include="Jolt\Core\Reference.h">
      <Filter>Engine\Jolt</Filter>
    </ClInclude>
    <ClInclude Include="Jolt\Core\Result.h">
      <Filter>Engine\Jolt</Filter>
    </ClInclude>
    <ClInclude Include="Jolt\Core\RTTI.h">
      <Filter>Engine\Jolt</Filter>
    </ClInclude>
    <ClInclude Include="Jolt\Core\ScopeExit.h">
      <Filter>Engine\Jolt</Filter>
    </ClInclude>
    <ClInclude Include="Jolt\Core\Semaphore.h">
      <Filter>Engine\Jolt</Filter>
    </ClInclude>
    <ClInclude Include="Jolt\Core\StaticArray.h">
      <Filter>Engine\Jolt</Filter>
    </ClInclude>
    <ClInclude Include="Jolt\Core\STLAlignedAllocator.h">
      <Filter>Engine\Jolt</Filter>
    </ClInclude>
    <ClInclude Include="Jolt\Core\STLAllocator.h">
      <Filter>Engine\Jolt</Filter>
    </ClInclude>
    <ClInclude Include="Jolt\Core\STLLocalAllocator.h">
      <Filter>Engine\Jolt</Filter>
    </ClInclude>
    <ClInclude Include="Jolt\Core\STLTempAllocator.h">
      <Filter>Engine\Jolt</Filter>
    </ClInclude>
    <ClInclude Include="Jolt\Core\StreamIn.h">
      <Filter>Engine\Jolt</Filter>
    </ClInclude>
    <ClInclude Include="Jolt\Core\StreamOut.h">
      <Filter>Engine\Jolt</Filter>
    </ClInclude>
    <ClInclude Include="Jolt\Core\StreamUtils.h">
      <Filter>Engine\Jolt</Filter>
    </ClInclude>
    <ClInclude Include="Jolt\Core\StreamWrapper.h">
      <Filter>Engine\Jolt</Filter>
    </ClInclude>
    <ClInclude Include="Jolt\Core\StridedPtr.h">
      <Filter>Engine\Jolt</Filter>
    </ClInclude>
    <ClInclude Include="Jolt\Core\StringTools.h">
      <Filter>Engine\Jolt</Filter>
    </ClInclude>
    <ClInclude Include="Jolt\Core\TempAllocator.h">
      <Filter>Engine\Jolt</Filter>
    </ClInclude>
    <ClInclude Include="Jolt\Core\TickCounter.h">
      <Filter>Engine\Jolt</Filter>
    </ClInclude>
    <ClInclude Include="Jolt\Core\UnorderedMap.h">
      <Filter>Engine\Jolt</Filter>
    </ClInclude>
    <ClInclude Include="Jolt\Core\UnorderedSet.h">
      <Filter>Engine\Jolt</Filter>
    </ClInclude>
    <ClInclude Include="Jolt\Geometry\AABox.h">
      <Filter>Engine\Jolt</Filter>
    </ClInclude>
    <ClInclude Include="Jolt\Geometry\AABox4.h">
      <Filter>Engine\Jolt</Filter>
    </ClInclude>
    <ClInclude Include="Jolt\Geometry\ClipPoly.h">
      <Filter>Engine\Jolt</Filter>
    </ClInclude>
    <ClInclude Include="Jolt\Geometry\ClosestPoint.h">
      <Filter>Engine\Jolt</Filter>
    </ClInclude>
    <ClInclude Include="Jolt\Geometry\ConvexHullBuilder.h">
      <Filter>Engine\Jolt</Filter>
    </ClInclude>
    <ClInclude Include="Jolt\Geometry\ConvexHullBuilder2D.h">
      <Filter>Engine\Jolt</Filter>
    </ClInclude>
    <ClInclude Include="Jolt\Geometry\ConvexSupport.h">
      <Filter>Engine\Jolt</Filter>
    </ClInclude>
    <ClInclude Include="Jolt\Geometry\Ellipse.h">
      <Filter>Engine\Jolt</Filter>
    </ClInclude>
    <ClInclude Include="Jolt\Geometry\EPAConvexHullBuilder.h">
      <Filter>Engine\Jolt</Filter>
    </ClInclude>
    <ClInclude Include="Jolt\Geometry\EPAPenetrationDepth.h">
      <Filter>Engine\Jolt</Filter>
    </ClInclude>
    <ClInclude Include="Jolt\Geometry\GJKClosestPoint.h">
      <Filter>Engine\Jolt</Filter>
    </ClInclude>
    <ClInclude Include="Jolt\Geometry\IndexedTriangle.h">
      <Filter>Engine\Jolt</Filter>
    </ClInclude>
    <ClInclude Include="Jolt\Geometry\Indexify.h">
      <Filter>Engine\Jolt</Filter>
    </ClInclude>
    <ClInclude Include="Jolt\Geometry\MortonCode.h">
      <Filter>Engine\Jolt</Filter>
    </ClInclude>
    <ClInclude Include="Jolt\Geometry\OrientedBox.h">
      <Filter>Engine\Jolt</Filter>
    </ClInclude>
    <ClInclude Include="Jolt\Geometry\Plane.h">
      <Filter>Engine\Jolt</Filter>
    </ClInclude>
    <ClInclude Include="Jolt\Geometry\RayAABox.h">
      <Filter>Engine\Jolt</Filter>
    </ClInclude>
    <ClInclude Include="Jolt\Geometry\RayCapsule.h">
      <Filter>Engine\Jolt</Filter>
    </ClInclude>
    <ClInclude Include="Jolt\Geometry\RayCylinder.h">
      <Filter>Engine\Jolt</Filter>
    </ClInclude>
    <ClInclude Include="Jolt\Geometry\RaySphere.h">
      <Filter>Engine\Jolt</Filter>
    </ClInclude>
    <ClInclude Include="Jolt\Geometry\RayTriangle.h">
      <Filter>Engine\Jolt</Filter>
    </ClInclude>
    <ClInclude Include="Jolt\Geometry\Sphere.h">
      <Filter>Engine\Jolt</Filter>
    </ClInclude>
    <ClInclude Include="Jolt\Geometry\Triangle.h">
      <Filter>Engine\Jolt</Filter>
    </ClInclude>
    <ClInclude Include="Jolt\Math\BVec16.h">
      <Filter>Engine\Jolt</Filter>
    </ClInclude>
    <ClInclude Include="Jolt\Math\DMat44.h">
      <Filter>Engine\Jolt</Filter>
    </ClInclude>
    <ClInclude Include="Jolt\Math\Double3.h">
      <Filter>Engine\Jolt</Filter>
    </ClInclude>
    <ClInclude Include="Jolt\Math\DVec3.h">
      <Filter>Engine\Jolt</Filter>
    </ClInclude>
    <ClInclude Include="Jolt\Math\DynMatrix.h">
      <Filter>Engine\Jolt</Filter>
    </ClInclude>
    <ClInclude Include="Jolt\Math\EigenValueSymmetric.h">
      <Filter>Engine\Jolt</Filter>
    </ClInclude>
    <ClInclude Include="Jolt\Math\FindRoot.h">
      <Filter>Engine\Jolt</Filter>
    </ClInclude>
    <ClInclude Include="Jolt\Math\Float2.h">
      <Filter>Engine\Jolt</Filter>
    </ClInclude>
    <ClInclude Include="Jolt\Math\Float3.h">
      <Filter>Engine\Jolt</Filter>
    </ClInclude>
    <ClInclude Include="Jolt\Math\Float4.h">
      <Filter>Engine\Jolt</Filter>
    </ClInclude>
    <ClInclude Include="Jolt\Math\GaussianElimination.h">
      <Filter>Engine\Jolt</Filter>
    </ClInclude>
    <ClInclude Include="Jolt\Math\HalfFloat.h">
      <Filter>Engine\Jolt</Filter>
    </ClInclude>
    <ClInclude Include="Jolt\Math\Mat44.h">
      <Filter>Engine\Jolt</Filter>
    </ClInclude>
    <ClInclude Include="Jolt\Math\Math.h">
      <Filter>Engine\Jolt</Filter>
    </ClInclude>
    <ClInclude Include="Jolt\Math\MathTypes.h">
      <Filter>Engine\Jolt</Filter>
    </ClInclude>
    <ClInclude Include="Jolt\Math\Matrix.h">
      <Filter>Engine\Jolt</Filter>
    </ClInclude>
    <ClInclude Include="Jolt\Math\Quat.h">
      <Filter>Engine\Jolt</Filter>
    </ClInclude>
    <ClInclude Include="Jolt\Math\Real.h">
      <Filter>Engine\Jolt</Filter>
    </ClInclude>
    <ClInclude Include="Jolt\Math\Swizzle.h">
      <Filter>Engine\Jolt</Filter>
    </ClInclude>
    <ClInclude Include="Jolt\Math\Trigonometry.h">
      <Filter>Engine\Jolt</Filter>
    </ClInclude>
    <ClInclude Include="Jolt\Math\UVec4.h">
      <Filter>Engine\Jolt</Filter>
    </ClInclude>
    <ClInclude Include="Jolt\Math\Vec3.h">
      <Filter>Engine\Jolt</Filter>
    </ClInclude>
    <ClInclude Include="Jolt\Math\Vec4.h">
      <Filter>Engine\Jolt</Filter>
    </ClInclude>
    <ClInclude Include="Jolt\Math\Vector.h">
      <Filter>Engine\Jolt</Filter>
    </ClInclude>
    <ClInclude Include="Jolt\ObjectStream\GetPrimitiveTypeOfType.h">
      <Filter>Engine\Jolt</Filter>
    </ClInclude>
    <ClInclude Include="Jolt\ObjectStream\ObjectStream.h">
      <Filter>Engine\Jolt</Filter>
    </ClInclude>
    <ClInclude Include="Jolt\ObjectStream\ObjectStreamBinaryIn.h">
      <Filter>Engine\Jolt</Filter>
    </ClInclude>
    <ClInclude Include="Jolt\ObjectStream\ObjectStreamBinaryOut.h">
      <Filter>Engine\Jolt</Filter>
    </ClInclude>
    <ClInclude Include="Jolt\ObjectStream\ObjectStreamIn.h">
      <Filter>Engine\Jolt</Filter>
    </ClInclude>
    <ClInclude Include="Jolt\ObjectStream\ObjectStreamOut.h">
      <Filter>Engine\Jolt</Filter>
    </ClInclude>
    <ClInclude Include="Jolt\ObjectStream\ObjectStreamTextIn.h">
      <Filter>Engine\Jolt</Filter>
    </ClInclude>
    <ClInclude Include="Jolt\ObjectStream\ObjectStreamTextOut.h">
      <Filter>Engine\Jolt</Filter>
    </ClInclude>
    <ClInclude Include="Jolt\ObjectStream\ObjectStreamTypes.h">
      <Filter>Engine\Jolt</Filter>
    </ClInclude>
    <ClInclude Include="Jolt\ObjectStream\SerializableAttribute.h">
      <Filter>Engine\Jolt</Filter>
    </ClInclude>
    <ClInclude Include="Jolt\ObjectStream\SerializableAttributeEnum.h">
      <Filter>Engine\Jolt</Filter>
    </ClInclude>
    <ClInclude Include="Jolt\ObjectStream\SerializableAttributeTyped.h">
      <Filter>Engine\Jolt</Filter>
    </ClInclude>
    <ClInclude Include="Jolt\ObjectStream\SerializableObject.h">
      <Filter>Engine\Jolt</Filter>
    </ClInclude>
    <ClInclude Include="Jolt\ObjectStream\TypeDeclarations.h">
      <Filter>Engine\Jolt</Filter>
    </ClInclude>
    <ClInclude Include="Jolt\Physics\Body\AllowedDOFs.h">
      <Filter>Engine\Jolt</Filter>
    </ClInclude>
    <ClInclude Include="Jolt\Physics\Body\Body.h">
      <Filter>Engine\Jolt</Filter>
    </ClInclude>
    <ClInclude Include="Jolt\Physics\Body\BodyAccess.h">
      <Filter>Engine\Jolt</Filter>
    </ClInclude>
    <ClInclude Include="Jolt\Physics\Body\BodyActivationListener.h">
      <Filter>Engine\Jolt</Filter>
    </ClInclude>
    <ClInclude Include="Jolt\Physics\Body\BodyCreationSettings.h">
      <Filter>Engine\Jolt</Filter>
    </ClInclude>
    <ClInclude Include="Jolt\Physics\Body\BodyFilter.h">
      <Filter>Engine\Jolt</Filter>
    </ClInclude>
    <ClInclude Include="Jolt\Physics\Body\BodyID.h">
      <Filter>Engine\Jolt</Filter>
    </ClInclude>
    <ClInclude Include="Jolt\Physics\Body\BodyInterface.h">
      <Filter>Engine\Jolt</Filter>
    </ClInclude>
    <ClInclude Include="Jolt\Physics\Body\BodyLock.h">
      <Filter>Engine\Jolt</Filter>
    </ClInclude>
    <ClInclude Include="Jolt\Physics\Body\BodyLockInterface.h">
      <Filter>Engine\Jolt</Filter>
    </ClInclude>
    <ClInclude Include="Jolt\Physics\Body\BodyLockMulti.h">
      <Filter>Engine\Jolt</Filter>
    </ClInclude>
    <ClInclude Include="Jolt\Physics\Body\BodyManager.h">
      <Filter>Engine\Jolt</Filter>
    </ClInclude>
    <ClInclude Include="Jolt\Physics\Body\BodyPair.h">
      <Filter>Engine\Jolt</Filter>
    </ClInclude>
    <ClInclude Include="Jolt\Physics\Body\BodyType.h">
      <Filter>Engine\Jolt</Filter>
    </ClInclude>
    <ClInclude Include="Jolt\Physics\Body\MassProperties.h">
      <Filter>Engine\Jolt</Filter>
    </ClInclude>
    <ClInclude Include="Jolt\Physics\Body\MotionProperties.h">
      <Filter>Engine\Jolt</Filter>
    </ClInclude>
    <ClInclude Include="Jolt\Physics\Body\MotionQuality.h">
      <Filter>Engine\Jolt</Filter>
    </ClInclude>
    <ClInclude Include="Jolt\Physics\Body\MotionType.h">
      <Filter>Engine\Jolt</Filter>
    </ClInclude>
    <ClInclude Include="Jolt\Physics\Character\Character.h">
      <Filter>Engine\Jolt</Filter>
    </ClInclude>
    <ClInclude Include="Jolt\Physics\Character\CharacterBase.h">
      <Filter>Engine\Jolt</Filter>
    </ClInclude>
    <ClInclude Include="Jolt\Physics\Character\CharacterID.h">
      <Filter>Engine\Jolt</Filter>
    </ClInclude>
    <ClInclude Include="Jolt\Physics\Character\CharacterVirtual.h">
      <Filter>Engine\Jolt</Filter>
    </ClInclude>
    <ClInclude Include="Jolt\Physics\Collision\AABoxCast.h">
      <Filter>Engine\Jolt</Filter>
    </ClInclude>
    <ClInclude Include="Jolt\Physics\Collision\ActiveEdgeMode.h">
      <Filter>Engine\Jolt</Filter>
    </ClInclude>
    <ClInclude Include="Jolt\Physics\Collision\ActiveEdges.h">
      <Filter>Engine\Jolt</Filter>
    </ClInclude>
    <ClInclude Include="Jolt\Physics\Collision\BackFaceMode.h">
      <Filter>Engine\Jolt</Filter>
    </ClInclude>
    <ClInclude Include="Jolt\Physics\Collision\BroadPhase\BroadPhase.h">
      <Filter>Engine\Jolt</Filter>
    </ClInclude>
    <ClInclude Include="Jolt\Physics\Collision\BroadPhase\BroadPhaseBruteForce.h">
      <Filter>Engine\Jolt</Filter>
    </ClInclude>
    <ClInclude Include="Jolt\Physics\Collision\BroadPhase\BroadPhaseLayer.h">
      <Filter>Engine\Jolt</Filter>
    </ClInclude>
    <ClInclude Include="Jolt\Physics\Collision\BroadPhase\BroadPhaseLayerInterfaceMask.h">
      <Filter>Engine\Jolt</Filter>
    </ClInclude>
    <ClInclude Include="Jolt\Physics\Collision\BroadPhase\BroadPhaseLayerInterfaceTable.h">
      <Filter>Engine\Jolt</Filter>
    </ClInclude>
    <ClInclude Include="Jolt\Physics\Collision\BroadPhase\BroadPhaseQuadTree.h">
      <Filter>Engine\Jolt</Filter>
    </ClInclude>
    <ClInclude Include="Jolt\Physics\Collision\BroadPhase\BroadPhaseQuery.h">
      <Filter>Engine\Jolt</Filter>
    </ClInclude>
    <ClInclude Include="Jolt\Physics\Collision\BroadPhase\ObjectVsBroadPhaseLayerFilterMask.h">
      <Filter>Engine\Jolt</Filter>
    </ClInclude>
    <ClInclude Include="Jolt\Physics\Collision\BroadPhase\ObjectVsBroadPhaseLayerFilterTable.h">
      <Filter>Engine\Jolt</Filter>
    </ClInclude>
    <ClInclude Include="Jolt\Physics\Collision\BroadPhase\QuadTree.h">
      <Filter>Engine\Jolt</Filter>
    </ClInclude>
    <ClInclude Include="Jolt\Physics\Collision\CastConvexVsTriangles.h">
      <Filter>Engine\Jolt</Filter>
    </ClInclude>
    <ClInclude Include="Jolt\Physics\Collision\CastResult.h">
      <Filter>Engine\Jolt</Filter>
    </ClInclude>
    <ClInclude Include="Jolt\Physics\Collision\CastSphereVsTriangles.h">
      <Filter>Engine\Jolt</Filter>
    </ClInclude>
    <ClInclude Include="Jolt\Physics\Collision\CollectFacesMode.h">
      <Filter>Engine\Jolt</Filter>
    </ClInclude>
    <ClInclude Include="Jolt\Physics\Collision\CollideConvexVsTriangles.h">
      <Filter>Engine\Jolt</Filter>
    </ClInclude>
    <ClInclude Include="Jolt\Physics\Collision\CollidePointResult.h">
      <Filter>Engine\Jolt</Filter>
    </ClInclude>
    <ClInclude Include="Jolt\Physics\Collision\CollideShape.h">
      <Filter>Engine\Jolt</Filter>
    </ClInclude>
    <ClInclude Include="Jolt\Physics\Collision\CollideShapeVsShapePerLeaf.h">
      <Filter>Engine\Jolt</Filter>
    </ClInclude>
    <ClInclude Include="Jolt\Physics\Collision\CollideSoftBodyVertexIterator.h">
      <Filter>Engine\Jolt</Filter>
    </ClInclude>
    <ClInclude Include="Jolt\Physics\Collision\CollideSoftBodyVerticesVsTriangles.h">
      <Filter>Engine\Jolt</Filter>
    </ClInclude>
    <ClInclude Include="Jolt\Physics\Collision\CollideSphereVsTriangles.h">
      <Filter>Engine\Jolt</Filter>
    </ClInclude>
    <ClInclude Include="Jolt\Physics\Collision\CollisionCollector.h">
      <Filter>Engine\Jolt</Filter>
    </ClInclude>
    <ClInclude Include="Jolt\Physics\Collision\CollisionCollectorImpl.h">
      <Filter>Engine\Jolt</Filter>
    </ClInclude>
    <ClInclude Include="Jolt\Physics\Collision\CollisionDispatch.h">
      <Filter>Engine\Jolt</Filter>
    </ClInclude>
    <ClInclude Include="Jolt\Physics\Collision\CollisionGroup.h">
      <Filter>Engine\Jolt</Filter>
    </ClInclude>
    <ClInclude Include="Jolt\Physics\Collision\ContactListener.h">
      <Filter>Engine\Jolt</Filter>
    </ClInclude>
    <ClInclude Include="Jolt\Physics\Collision\EstimateCollisionResponse.h">
      <Filter>Engine\Jolt</Filter>
    </ClInclude>
    <ClInclude Include="Jolt\Physics\Collision\GroupFilter.h">
      <Filter>Engine\Jolt</Filter>
    </ClInclude>
    <ClInclude Include="Jolt\Physics\Collision\GroupFilterTable.h">
      <Filter>Engine\Jolt</Filter>
    </ClInclude>
    <ClInclude Include="Jolt\Physics\Collision\InternalEdgeRemovingCollector.h">
      <Filter>Engine\Jolt</Filter>
    </ClInclude>
    <ClInclude Include="Jolt\Physics\Collision\ManifoldBetweenTwoFaces.h">
      <Filter>Engine\Jolt</Filter>
    </ClInclude>
    <ClInclude Include="Jolt\Physics\Collision\NarrowPhaseQuery.h">
      <Filter>Engine\Jolt</Filter>
    </ClInclude>
    <ClInclude Include="Jolt\Physics\Collision\NarrowPhaseStats.h">
      <Filter>Engine\Jolt</Filter>
    </ClInclude>
    <ClInclude Include="Jolt\Physics\Collision\ObjectLayer.h">
      <Filter>Engine\Jolt</Filter>
    </ClInclude>
    <ClInclude Include="Jolt\Physics\Collision\ObjectLayerPairFilterMask.h">
      <Filter>Engine\Jolt</Filter>
    </ClInclude>
    <ClInclude Include="Jolt\Physics\Collision\ObjectLayerPairFilterTable.h">
      <Filter>Engine\Jolt</Filter>
    </ClInclude>
    <ClInclude Include="Jolt\Physics\Collision\PhysicsMaterial.h">
      <Filter>Engine\Jolt</Filter>
    </ClInclude>
    <ClInclude Include="Jolt\Physics\Collision\PhysicsMaterialSimple.h">
      <Filter>Engine\Jolt</Filter>
    </ClInclude>
    <ClInclude Include="Jolt\Physics\Collision\RayCast.h">
      <Filter>Engine\Jolt</Filter>
    </ClInclude>
    <ClInclude Include="Jolt\Physics\Collision\Shape\BoxShape.h">
      <Filter>Engine\Jolt</Filter>
    </ClInclude>
    <ClInclude Include="Jolt\Physics\Collision\Shape\CapsuleShape.h">
      <Filter>Engine\Jolt</Filter>
    </ClInclude>
    <ClInclude Include="Jolt\Physics\Collision\Shape\CompoundShape.h">
      <Filter>Engine\Jolt</Filter>
    </ClInclude>
    <ClInclude Include="Jolt\Physics\Collision\Shape\CompoundShapeVisitors.h">
      <Filter>Engine\Jolt</Filter>
    </ClInclude>
    <ClInclude Include="Jolt\Physics\Collision\Shape\ConvexHullShape.h">
      <Filter>Engine\Jolt</Filter>
    </ClInclude>
    <ClInclude Include="Jolt\Physics\Collision\Shape\ConvexShape.h">
      <Filter>Engine\Jolt</Filter>
    </ClInclude>
    <ClInclude Include="Jolt\Physics\Collision\Shape\CylinderShape.h">
      <Filter>Engine\Jolt</Filter>
    </ClInclude>
    <ClInclude Include="Jolt\Physics\Collision\Shape\DecoratedShape.h">
      <Filter>Engine\Jolt</Filter>
    </ClInclude>
    <ClInclude Include="Jolt\Physics\Collision\Shape\EmptyShape.h">
      <Filter>Engine\Jolt</Filter>
    </ClInclude>
    <ClInclude Include="Jolt\Physics\Collision\Shape\GetTrianglesContext.h">
      <Filter>Engine\Jolt</Filter>
    </ClInclude>
    <ClInclude Include="Jolt\Physics\Collision\Shape\HeightFieldShape.h">
      <Filter>Engine\Jolt</Filter>
    </ClInclude>
    <ClInclude Include="Jolt\Physics\Collision\Shape\MeshShape.h">
      <Filter>Engine\Jolt</Filter>
    </ClInclude>
    <ClInclude Include="Jolt\Physics\Collision\Shape\MutableCompoundShape.h">
      <Filter>Engine\Jolt</Filter>
    </ClInclude>
    <ClInclude Include="Jolt\Physics\Collision\Shape\OffsetCenterOfMassShape.h">
      <Filter>Engine\Jolt</Filter>
    </ClInclude>
    <ClInclude Include="Jolt\Physics\Collision\Shape\PlaneShape.h">
      <Filter>Engine\Jolt</Filter>
    </ClInclude>
    <ClInclude Include="Jolt\Physics\Collision\Shape\PolyhedronSubmergedVolumeCalculator.h">
      <Filter>Engine\Jolt</Filter>
    </ClInclude>
    <ClInclude Include="Jolt\Physics\Collision\Shape\RotatedTranslatedShape.h">
      <Filter>Engine\Jolt</Filter>
    </ClInclude>
    <ClInclude Include="Jolt\Physics\Collision\Shape\ScaledShape.h">
      <Filter>Engine\Jolt</Filter>
    </ClInclude>
    <ClInclude Include="Jolt\Physics\Collision\Shape\ScaleHelpers.h">
      <Filter>Engine\Jolt</Filter>
    </ClInclude>
    <ClInclude Include="Jolt\Physics\Collision\Shape\Shape.h">
      <Filter>Engine\Jolt</Filter>
    </ClInclude>
    <ClInclude Include="Jolt\Physics\Collision\Shape\SphereShape.h">
      <Filter>Engine\Jolt</Filter>
    </ClInclude>
    <ClInclude Include="Jolt\Physics\Collision\Shape\StaticCompoundShape.h">
      <Filter>Engine\Jolt</Filter>
    </ClInclude>
    <ClInclude Include="Jolt\Physics\Collision\Shape\SubShapeID.h">
      <Filter>Engine\Jolt</Filter>
    </ClInclude>
    <ClInclude Include="Jolt\Physics\Collision\Shape\SubShapeIDPair.h">
      <Filter>Engine\Jolt</Filter>
    </ClInclude>
    <ClInclude Include="Jolt\Physics\Collision\Shape\TaperedCapsuleShape.h">
      <Filter>Engine\Jolt</Filter>
    </ClInclude>
    <ClInclude Include="Jolt\Physics\Collision\Shape\TaperedCylinderShape.h">
      <Filter>Engine\Jolt</Filter>
    </ClInclude>
    <ClInclude Include="Jolt\Physics\Collision\Shape\TriangleShape.h">
      <Filter>Engine\Jolt</Filter>
    </ClInclude>
    <ClInclude Include="Jolt\Physics\Collision\ShapeCast.h">
      <Filter>Engine\Jolt</Filter>
    </ClInclude>
    <ClInclude Include="Jolt\Physics\Collision\ShapeFilter.h">
      <Filter>Engine\Jolt</Filter>
    </ClInclude>
    <ClInclude Include="Jolt\Physics\Collision\SimShapeFilter.h">
      <Filter>Engine\Jolt</Filter>
    </ClInclude>
    <ClInclude Include="Jolt\Physics\Collision\SimShapeFilterWrapper.h">
      <Filter>Engine\Jolt</Filter>
    </ClInclude>
    <ClInclude Include="Jolt\Physics\Collision\SortReverseAndStore.h">
      <Filter>Engine\Jolt</Filter>
    </ClInclude>
    <ClInclude Include="Jolt\Physics\Collision\TransformedShape.h">
      <Filter>Engine\Jolt</Filter>
    </ClInclude>
    <ClInclude Include="Jolt\Physics\Constraints\CalculateSolverSteps.h">
      <Filter>Engine\Jolt</Filter>
    </ClInclude>
    <ClInclude Include="Jolt\Physics\Constraints\ConeConstraint.h">
      <Filter>Engine\Jolt</Filter>
    </ClInclude>
    <ClInclude Include="Jolt\Physics\Constraints\Constraint.h">
      <Filter>Engine\Jolt</Filter>
    </ClInclude>
    <ClInclude Include="Jolt\Physics\Constraints\ConstraintManager.h">
      <Filter>Engine\Jolt</Filter>
    </ClInclude>
    <ClInclude Include="Jolt\Physics\Constraints\ConstraintPart\AngleConstraintPart.h">
      <Filter>Engine\Jolt</Filter>
    </ClInclude>
    <ClInclude Include="Jolt\Physics\Constraints\ConstraintPart\AxisConstraintPart.h">
      <Filter>Engine\Jolt</Filter>
    </ClInclude>
    <ClInclude Include="Jolt\Physics\Constraints\ConstraintPart\DualAxisConstraintPart.h">
      <Filter>Engine\Jolt</Filter>
    </ClInclude>
    <ClInclude Include="Jolt\Physics\Constraints\ConstraintPart\GearConstraintPart.h">
      <Filter>Engine\Jolt</Filter>
    </ClInclude>
    <ClInclude Include="Jolt\Physics\Constraints\ConstraintPart\HingeRotationConstraintPart.h">
      <Filter>Engine\Jolt</Filter>
    </ClInclude>
    <ClInclude Include="Jolt\Physics\Constraints\ConstraintPart\IndependentAxisConstraintPart.h">
      <Filter>Engine\Jolt</Filter>
    </ClInclude>
    <ClInclude Include="Jolt\Physics\Constraints\ConstraintPart\PointConstraintPart.h">
      <Filter>Engine\Jolt</Filter>
    </ClInclude>
    <ClInclude Include="Jolt\Physics\Constraints\ConstraintPart\RackAndPinionConstraintPart.h">
      <Filter>Engine\Jolt</Filter>
    </ClInclude>
    <ClInclude Include="Jolt\Physics\Constraints\ConstraintPart\RotationEulerConstraintPart.h">
      <Filter>Engine\Jolt</Filter>
    </ClInclude>
    <ClInclude Include="Jolt\Physics\Constraints\ConstraintPart\RotationQuatConstraintPart.h">
      <Filter>Engine\Jolt</Filter>
    </ClInclude>
    <ClInclude Include="Jolt\Physics\Constraints\ConstraintPart\SpringPart.h">
      <Filter>Engine\Jolt</Filter>
    </ClInclude>
    <ClInclude Include="Jolt\Physics\Constraints\ConstraintPart\SwingTwistConstraintPart.h">
      <Filter>Engine\Jolt</Filter>
    </ClInclude>
    <ClInclude Include="Jolt\Physics\Constraints\ContactConstraintManager.h">
      <Filter>Engine\Jolt</Filter>
    </ClInclude>
    <ClInclude Include="Jolt\Physics\Constraints\DistanceConstraint.h">
      <Filter>Engine\Jolt</Filter>
    </ClInclude>
    <ClInclude Include="Jolt\Physics\Constraints\FixedConstraint.h">
      <Filter>Engine\Jolt</Filter>
    </ClInclude>
    <ClInclude Include="Jolt\Physics\Constraints\GearConstraint.h">
      <Filter>Engine\Jolt</Filter>
    </ClInclude>
    <ClInclude Include="Jolt\Physics\Constraints\HingeConstraint.h">
      <Filter>Engine\Jolt</Filter>
    </ClInclude>
    <ClInclude Include="Jolt\Physics\Constraints\MotorSettings.h">
      <Filter>Engine\Jolt</Filter>
    </ClInclude>
    <ClInclude Include="Jolt\Physics\Constraints\PathConstraint.h">
      <Filter>Engine\Jolt</Filter>
    </ClInclude>
    <ClInclude Include="Jolt\Physics\Constraints\PathConstraintPath.h">
      <Filter>Engine\Jolt</Filter>
    </ClInclude>
    <ClInclude Include="Jolt\Physics\Constraints\PathConstraintPathHermite.h">
      <Filter>Engine\Jolt</Filter>
    </ClInclude>
    <ClInclude Include="Jolt\Physics\Constraints\PointConstraint.h">
      <Filter>Engine\Jolt</Filter>
    </ClInclude>
    <ClInclude Include="Jolt\Physics\Constraints\PulleyConstraint.h">
      <Filter>Engine\Jolt</Filter>
    </ClInclude>
    <ClInclude Include="Jolt\Physics\Constraints\RackAndPinionConstraint.h">
      <Filter>Engine\Jolt</Filter>
    </ClInclude>
    <ClInclude Include="Jolt\Physics\Constraints\SixDOFConstraint.h">
      <Filter>Engine\Jolt</Filter>
    </ClInclude>
    <ClInclude Include="Jolt\Physics\Constraints\SliderConstraint.h">
      <Filter>Engine\Jolt</Filter>
    </ClInclude>
    <ClInclude Include="Jolt\Physics\Constraints\SpringSettings.h">
      <Filter>Engine\Jolt</Filter>
    </ClInclude>
    <ClInclude Include="Jolt\Physics\Constraints\SwingTwistConstraint.h">
      <Filter>Engine\Jolt</Filter>
    </ClInclude>
    <ClInclude Include="Jolt\Physics\Constraints\TwoBodyConstraint.h">
      <Filter>Engine\Jolt</Filter>
    </ClInclude>
    <ClInclude Include="Jolt\Physics\DeterminismLog.h">
      <Filter>Engine\Jolt</Filter>
    </ClInclude>
    <ClInclude Include="Jolt\Physics\EActivation.h">
      <Filter>Engine\Jolt</Filter>
    </ClInclude>
    <ClInclude Include="Jolt\Physics\EPhysicsUpdateError.h">
      <Filter>Engine\Jolt</Filter>
    </ClInclude>
    <ClInclude Include="Jolt\Physics\IslandBuilder.h">
      <Filter>Engine\Jolt</Filter>
    </ClInclude>
    <ClInclude Include="Jolt\Physics\LargeIslandSplitter.h">
      <Filter>Engine\Jolt</Filter>
    </ClInclude>
    <ClInclude Include="Jolt\Physics\PhysicsLock.h">
      <Filter>Engine\Jolt</Filter>
    </ClInclude>
    <ClInclude Include="Jolt\Physics\PhysicsScene.h">
      <Filter>Engine\Jolt</Filter>
    </ClInclude>
    <ClInclude Include="Jolt\Physics\PhysicsSettings.h">
      <Filter>Engine\Jolt</Filter>
    </ClInclude>
    <ClInclude Include="Jolt\Physics\PhysicsStepListener.h">
      <Filter>Engine\Jolt</Filter>
    </ClInclude>
    <ClInclude Include="Jolt\Physics\PhysicsSystem.h">
      <Filter>Engine\Jolt</Filter>
    </ClInclude>
    <ClInclude Include="Jolt\Physics\PhysicsUpdateContext.h">
      <Filter>Engine\Jolt</Filter>
    </ClInclude>
    <ClInclude Include="Jolt\Physics\Ragdoll\Ragdoll.h">
      <Filter>Engine\Jolt</Filter>
    </ClInclude>
    <ClInclude Include="Jolt\Physics\SoftBody\SoftBodyContactListener.h">
      <Filter>Engine\Jolt</Filter>
    </ClInclude>
    <ClInclude Include="Jolt\Physics\SoftBody\SoftBodyCreationSettings.h">
      <Filter>Engine\Jolt</Filter>
    </ClInclude>
    <ClInclude Include="Jolt\Physics\SoftBody\SoftBodyManifold.h">
      <Filter>Engine\Jolt</Filter>
    </ClInclude>
    <ClInclude Include="Jolt\Physics\SoftBody\SoftBodyMotionProperties.h">
      <Filter>Engine\Jolt</Filter>
    </ClInclude>
    <ClInclude Include="Jolt\Physics\SoftBody\SoftBodyShape.h">
      <Filter>Engine\Jolt</Filter>
    </ClInclude>
    <ClInclude Include="Jolt\Physics\SoftBody\SoftBodySharedSettings.h">
      <Filter>Engine\Jolt</Filter>
    </ClInclude>
    <ClInclude Include="Jolt\Physics\SoftBody\SoftBodyUpdateContext.h">
      <Filter>Engine\Jolt</Filter>
    </ClInclude>
    <ClInclude Include="Jolt\Physics\SoftBody\SoftBodyVertex.h">
      <Filter>Engine\Jolt</Filter>
    </ClInclude>
    <ClInclude Include="Jolt\Physics\StateRecorder.h">
      <Filter>Engine\Jolt</Filter>
    </ClInclude>
    <ClInclude Include="Jolt\Physics\StateRecorderImpl.h">
      <Filter>Engine\Jolt</Filter>
    </ClInclude>
    <ClInclude Include="Jolt\Physics\Vehicle\MotorcycleController.h">
      <Filter>Engine\Jolt</Filter>
    </ClInclude>
    <ClInclude Include="Jolt\Physics\Vehicle\TrackedVehicleController.h">
      <Filter>Engine\Jolt</Filter>
    </ClInclude>
    <ClInclude Include="Jolt\Physics\Vehicle\VehicleAntiRollBar.h">
      <Filter>Engine\Jolt</Filter>
    </ClInclude>
    <ClInclude Include="Jolt\Physics\Vehicle\VehicleCollisionTester.h">
      <Filter>Engine\Jolt</Filter>
    </ClInclude>
    <ClInclude Include="Jolt\Physics\Vehicle\VehicleConstraint.h">
      <Filter>Engine\Jolt</Filter>
    </ClInclude>
    <ClInclude Include="Jolt\Physics\Vehicle\VehicleController.h">
      <Filter>Engine\Jolt</Filter>
    </ClInclude>
    <ClInclude Include="Jolt\Physics\Vehicle\VehicleDifferential.h">
      <Filter>Engine\Jolt</Filter>
    </ClInclude>
    <ClInclude Include="Jolt\Physics\Vehicle\VehicleEngine.h">
      <Filter>Engine\Jolt</Filter>
    </ClInclude>
    <ClInclude Include="Jolt\Physics\Vehicle\VehicleTrack.h">
      <Filter>Engine\Jolt</Filter>
    </ClInclude>
    <ClInclude Include="Jolt\Physics\Vehicle\VehicleTransmission.h">
      <Filter>Engine\Jolt</Filter>
    </ClInclude>
    <ClInclude Include="Jolt\Physics\Vehicle\Wheel.h">
      <Filter>Engine\Jolt</Filter>
    </ClInclude>
    <ClInclude Include="Jolt\Physics\Vehicle\WheeledVehicleController.h">
      <Filter>Engine\Jolt</Filter>
    </ClInclude>
    <ClInclude Include="Jolt\Renderer\DebugRenderer.h">
      <Filter>Engine\Jolt</Filter>
    </ClInclude>
    <ClInclude Include="Jolt\Renderer\DebugRendererPlayback.h">
      <Filter>Engine\Jolt</Filter>
    </ClInclude>
    <ClInclude Include="Jolt\Renderer\DebugRendererRecorder.h">
      <Filter>Engine\Jolt</Filter>
    </ClInclude>
    <ClInclude Include="Jolt\Renderer\DebugRendererSimple.h">
      <Filter>Engine\Jolt</Filter>
    </ClInclude>
    <ClInclude Include="Jolt\Skeleton\SkeletalAnimation.h">
      <Filter>Engine\Jolt</Filter>
    </ClInclude>
    <ClInclude Include="Jolt\Skeleton\Skeleton.h">
      <Filter>Engine\Jolt</Filter>
    </ClInclude>
    <ClInclude Include="Jolt\Skeleton\SkeletonMapper.h">
      <Filter>Engine\Jolt</Filter>
    </ClInclude>
    <ClInclude Include="Jolt\Skeleton\SkeletonPose.h">
      <Filter>Engine\Jolt</Filter>
    </ClInclude>
    <ClInclude Include="Jolt\TriangleSplitter\TriangleSplitter.h">
      <Filter>Engine\Jolt</Filter>
    </ClInclude>
    <ClInclude Include="Jolt\TriangleSplitter\TriangleSplitterBinning.h">
      <Filter>Engine\Jolt</Filter>
    </ClInclude>
    <ClInclude Include="Jolt\TriangleSplitter\TriangleSplitterMean.h">
      <Filter>Engine\Jolt</Filter>
    </ClInclude>
    <ClInclude Include="Jolt\ConfigurationString.h">
      <Filter>Engine\Jolt</Filter>
    </ClInclude>
    <ClInclude Include="jolt.h">
      <Filter>Engine\StampEngine</Filter>
    </ClInclude>
  </ItemGroup>
  <ItemGroup>
    <None Include="resources\shader.glsl">
      <Filter>Game</Filter>
    </None>
    <None Include="resources\oceanShader.glsl">
      <Filter>Game</Filter>
    </None>
    <None Include="resources\shaderUI.glsl">
      <Filter>Game</Filter>
    </None>
    <None Include="resources\shaderBillboard.glsl">
      <Filter>Game</Filter>
    </None>
    <None Include="Jolt\Jolt.cmake">
      <Filter>Engine\Jolt</Filter>
    </None>
    <None Include="Jolt\LICENSE">
      <Filter>Engine\Jolt</Filter>
    </None>
    <None Include="Jolt\Core\FixedSizeFreeList.inl">
      <Filter>Engine\Jolt</Filter>
    </None>
    <None Include="Jolt\Core\JobSystem.inl">
      <Filter>Engine\Jolt</Filter>
    </None>
    <None Include="Jolt\Core\LockFreeHashMap.inl">
      <Filter>Engine\Jolt</Filter>
    </None>
    <None Include="Jolt\Core\Profiler.inl">
      <Filter>Engine\Jolt</Filter>
    </None>
    <None Include="Jolt\Math\BVec16.inl">
      <Filter>Engine\Jolt</Filter>
    </None>
    <None Include="Jolt\Math\DMat44.inl">
      <Filter>Engine\Jolt</Filter>
    </None>
    <None Include="Jolt\Math\DVec3.inl">
      <Filter>Engine\Jolt</Filter>
    </None>
    <None Include="Jolt\Math\Mat44.inl">
      <Filter>Engine\Jolt</Filter>
    </None>
    <None Include="Jolt\Math\Quat.inl">
      <Filter>Engine\Jolt</Filter>
    </None>
    <None Include="Jolt\Math\UVec4.inl">
      <Filter>Engine\Jolt</Filter>
    </None>
    <None Include="Jolt\Math\Vec3.inl">
      <Filter>Engine\Jolt</Filter>
    </None>
    <None Include="Jolt\Math\Vec4.inl">
      <Filter>Engine\Jolt</Filter>
    </None>
    <None Include="Jolt\Physics\Body\Body.inl">
      <Filter>Engine\Jolt</Filter>
    </None>
    <None Include="Jolt\Physics\Body\MotionProperties.inl">
      <Filter>Engine\Jolt</Filter>
    </None>
  </ItemGroup>
  <ItemGroup>
    <Natvis Include="Jolt\Jolt.natvis">
      <Filter>Engine\Jolt</Filter>
    </Natvis>
  </ItemGroup>
</Project>