<?xml version="1.0" encoding="utf-8"?>
<Project ToolsVersion="4.0" xmlns="http://schemas.microsoft.com/developer/msbuild/2003">
  <ItemGroup>
    <Filter Include="Game">
      <UniqueIdentifier>{4FC737F1-C7A5-4376-A066-2A32D752A2FF}</UniqueIdentifier>
      <Extensions>cpp;c;cc;cxx;c++;cppm;ixx;def;odl;idl;hpj;bat;asm;asmx</Extensions>
    </Filter>
    <Filter Include="Engine">
      <UniqueIdentifier>{93995380-89BD-4b04-88EB-625FBE52EBFB}</UniqueIdentifier>
      <Extensions>h;hh;hpp;hxx;h++;hm;inl;inc;ipp;xsd</Extensions>
    </Filter>
    <Filter Include="Engine\GL">
      <UniqueIdentifier>{ad844960-9262-4021-a5d4-ea7d15e206b5}</UniqueIdentifier>
    </Filter>
    <Filter Include="Engine\StampEngine">
      <UniqueIdentifier>{ea97d77a-d805-48f5-a787-e6ea341378ae}</UniqueIdentifier>
    </Filter>
    <Filter Include="Engine\LUA">
      <UniqueIdentifier>{a2839e83-6f87-4903-b803-703cb5a339e2}</UniqueIdentifier>
    </Filter>
    <Filter Include="Economy">
      <UniqueIdentifier>{ca10d0a8-3be9-45c1-a60c-d2a4b290127e}</UniqueIdentifier>
    </Filter>
    <Filter Include="Network">
      <UniqueIdentifier>{bc4bf8c5-9bb1-4ee5-8afc-d7f14e8dd0cf}</UniqueIdentifier>
    </Filter>
    <Filter Include="AI">
      <UniqueIdentifier>{cbdbbb55-82b2-4dab-9214-7552ba4b3ef1}</UniqueIdentifier>
    </Filter>
  </ItemGroup>
  <ItemGroup>
    <ClCompile Include="main.ixx">
      <Filter>Game</Filter>
    </ClCompile>
    <ClCompile Include="testScene.ixx">
      <Filter>Game</Filter>
    </ClCompile>
    <ClCompile Include="GLM.cpp">
      <Filter>Engine\GL</Filter>
    </ClCompile>
    <ClCompile Include="engine.ixx">
      <Filter>Engine\StampEngine</Filter>
    </ClCompile>
    <ClCompile Include="gamerender.ixx">
      <Filter>Engine\StampEngine</Filter>
    </ClCompile>
    <ClCompile Include="math.ixx">
      <Filter>Engine\StampEngine</Filter>
    </ClCompile>
    <ClCompile Include="SWM.ixx">
      <Filter>Engine\StampEngine</Filter>
    </ClCompile>
    <ClCompile Include="Economy.ixx">
      <Filter>Economy</Filter>
    </ClCompile>
    <ClCompile Include="server.ixx">
      <Filter>Network</Filter>
    </ClCompile>
    <ClCompile Include="AI.ixx">
      <Filter>AI</Filter>
    </ClCompile>
    <ClCompile Include="WinManager.ixx">
      <Filter>Engine\StampEngine</Filter>
    </ClCompile>
    <ClCompile Include="SceneEditor.ixx">
      <Filter>Engine\StampEngine</Filter>
    </ClCompile>
    <ClCompile Include="lua\lcorolib.c">
      <Filter>Engine\LUA</Filter>
    </ClCompile>
    <ClCompile Include="lua\lctype.c">
      <Filter>Engine\LUA</Filter>
    </ClCompile>
    <ClCompile Include="lua\ldblib.c">
      <Filter>Engine\LUA</Filter>
    </ClCompile>
    <ClCompile Include="lua\ldebug.c">
      <Filter>Engine\LUA</Filter>
    </ClCompile>
    <ClCompile Include="lua\ldo.c">
      <Filter>Engine\LUA</Filter>
    </ClCompile>
    <ClCompile Include="lua\ldump.c">
      <Filter>Engine\LUA</Filter>
    </ClCompile>
    <ClCompile Include="lua\lfunc.c">
      <Filter>Engine\LUA</Filter>
    </ClCompile>
    <ClCompile Include="lua\lgc.c">
      <Filter>Engine\LUA</Filter>
    </ClCompile>
    <ClCompile Include="lua\linit.c">
      <Filter>Engine\LUA</Filter>
    </ClCompile>
    <ClCompile Include="lua\liolib.c">
      <Filter>Engine\LUA</Filter>
    </ClCompile>
    <ClCompile Include="lua\llex.c">
      <Filter>Engine\LUA</Filter>
    </ClCompile>
    <ClCompile Include="lua\lmathlib.c">
      <Filter>Engine\LUA</Filter>
    </ClCompile>
    <ClCompile Include="lua\lmem.c">
      <Filter>Engine\LUA</Filter>
    </ClCompile>
    <ClCompile Include="lua\loadlib.c">
      <Filter>Engine\LUA</Filter>
    </ClCompile>
    <ClCompile Include="lua\lobject.c">
      <Filter>Engine\LUA</Filter>
    </ClCompile>
    <ClCompile Include="lua\lopcodes.c">
      <Filter>Engine\LUA</Filter>
    </ClCompile>
    <ClCompile Include="lua\loslib.c">
      <Filter>Engine\LUA</Filter>
    </ClCompile>
    <ClCompile Include="lua\lparser.c">
      <Filter>Engine\LUA</Filter>
    </ClCompile>
    <ClCompile Include="lua\lstate.c">
      <Filter>Engine\LUA</Filter>
    </ClCompile>
    <ClCompile Include="lua\lstring.c">
      <Filter>Engine\LUA</Filter>
    </ClCompile>
    <ClCompile Include="lua\lstrlib.c">
      <Filter>Engine\LUA</Filter>
    </ClCompile>
    <ClCompile Include="lua\ltable.c">
      <Filter>Engine\LUA</Filter>
    </ClCompile>
    <ClCompile Include="lua\ltablib.c">
      <Filter>Engine\LUA</Filter>
    </ClCompile>
    <ClCompile Include="lua\ltm.c">
      <Filter>Engine\LUA</Filter>
    </ClCompile>
    <ClCompile Include="lua\lundump.c">
      <Filter>Engine\LUA</Filter>
    </ClCompile>
    <ClCompile Include="lua\lutf8lib.c">
      <Filter>Engine\LUA</Filter>
    </ClCompile>
    <ClCompile Include="lua\lvm.c">
      <Filter>Engine\LUA</Filter>
    </ClCompile>
    <ClCompile Include="lua\lzio.c">
      <Filter>Engine\LUA</Filter>
    </ClCompile>
    <ClCompile Include="lua\lapi.c">
      <Filter>Engine\LUA</Filter>
    </ClCompile>
    <ClCompile Include="lua\lauxlib.c">
      <Filter>Engine\LUA</Filter>
    </ClCompile>
    <ClCompile Include="lua\lbaselib.c">
      <Filter>Engine\LUA</Filter>
    </ClCompile>
    <ClCompile Include="lua\lcode.c">
      <Filter>Engine\LUA</Filter>
    </ClCompile>
  </ItemGroup>
  <ItemGroup>
    <ClInclude Include="debug.h">
      <Filter>Engine</Filter>
    </ClInclude>
    <ClInclude Include="glm.h">
      <Filter>Engine\GL</Filter>
    </ClInclude>
    <ClInclude Include="eventlistener.hpp">
      <Filter>Engine</Filter>
    </ClInclude>
    <ClInclude Include="getset.h">
      <Filter>Engine</Filter>
    </ClInclude>
    <ClInclude Include="lua\lctype.h">
      <Filter>Engine\LUA</Filter>
    </ClInclude>
    <ClInclude Include="lua\ldebug.h">
      <Filter>Engine\LUA</Filter>
    </ClInclude>
    <ClInclude Include="lua\ldo.h">
      <Filter>Engine\LUA</Filter>
    </ClInclude>
    <ClInclude Include="lua\lfunc.h">
      <Filter>Engine\LUA</Filter>
    </ClInclude>
    <ClInclude Include="lua\lgc.h">
      <Filter>Engine\LUA</Filter>
    </ClInclude>
    <ClInclude Include="lua\ljumptab.h">
      <Filter>Engine\LUA</Filter>
    </ClInclude>
    <ClInclude Include="lua\llex.h">
      <Filter>Engine\LUA</Filter>
    </ClInclude>
    <ClInclude Include="lua\llimits.h">
      <Filter>Engine\LUA</Filter>
    </ClInclude>
    <ClInclude Include="lua\lmem.h">
      <Filter>Engine\LUA</Filter>
    </ClInclude>
    <ClInclude Include="lua\lobject.h">
      <Filter>Engine\LUA</Filter>
    </ClInclude>
    <ClInclude Include="lua\lopcodes.h">
      <Filter>Engine\LUA</Filter>
    </ClInclude>
    <ClInclude Include="lua\lopnames.h">
      <Filter>Engine\LUA</Filter>
    </ClInclude>
    <ClInclude Include="lua\lparser.h">
      <Filter>Engine\LUA</Filter>
    </ClInclude>
    <ClInclude Include="lua\lprefix.h">
      <Filter>Engine\LUA</Filter>
    </ClInclude>
    <ClInclude Include="lua\lstate.h">
      <Filter>Engine\LUA</Filter>
    </ClInclude>
    <ClInclude Include="lua\lstring.h">
      <Filter>Engine\LUA</Filter>
    </ClInclude>
    <ClInclude Include="lua\ltable.h">
      <Filter>Engine\LUA</Filter>
    </ClInclude>
    <ClInclude Include="lua\ltm.h">
      <Filter>Engine\LUA</Filter>
    </ClInclude>
    <ClInclude Include="lua\lua.h">
      <Filter>Engine\LUA</Filter>
    </ClInclude>
    <ClInclude Include="lua\lua.hpp">
      <Filter>Engine\LUA</Filter>
    </ClInclude>
    <ClInclude Include="lua\luaconf.h">
      <Filter>Engine\LUA</Filter>
    </ClInclude>
    <ClInclude Include="lua\lualib.h">
      <Filter>Engine\LUA</Filter>
    </ClInclude>
    <ClInclude Include="lua\lundump.h">
      <Filter>Engine\LUA</Filter>
    </ClInclude>
    <ClInclude Include="lua\lvm.h">
      <Filter>Engine\LUA</Filter>
    </ClInclude>
    <ClInclude Include="lua\lzio.h">
      <Filter>Engine\LUA</Filter>
    </ClInclude>
    <ClInclude Include="lua\lapi.h">
      <Filter>Engine\LUA</Filter>
    </ClInclude>
    <ClInclude Include="lua\lauxlib.h">
      <Filter>Engine\LUA</Filter>
    </ClInclude>
    <ClInclude Include="lua\lcode.h">
      <Filter>Engine\LUA</Filter>
    </ClInclude>
  </ItemGroup>
  <ItemGroup>
    <None Include="resources\shader.glsl">
      <Filter>Game</Filter>
    </None>
    <None Include="resources\oceanShader.glsl">
      <Filter>Game</Filter>
    </None>
    <None Include="resources\shaderUI.glsl">
      <Filter>Game</Filter>
    </None>
    <None Include="resources\shaderBillboard.glsl">
      <Filter>Game</Filter>
    </None>
  </ItemGroup>
</Project>